// !$*UTF8*$!
{
	archiveVersion = 1;
	classes = {
	};
	objectVersion = 50;
	objects = {

/* Begin PBXGroup section */
		DACB8E9223BB766000ADBCB2 = {
			isa = PBXGroup;
			children = (
			);
			sourceTree = "<group>";
		};
/* End PBXGroup section */

/* Begin PBXProject section */
		DACB8E9323BB766000ADBCB2 /* Project object */ = {
			isa = PBXProject;
			attributes = {
				LastUpgradeCheck = 1130;
			};
			buildConfigurationList = DACB8E9623BB766000ADBCB2 /* Build configuration list for PBXProject "Moonraker" */;
			compatibilityVersion = "Xcode 9.3";
			developmentRegion = en;
			hasScannedForEncodings = 0;
			knownRegions = (
				en,
				Base,
			);
			mainGroup = DACB8E9223BB766000ADBCB2;
			projectDirPath = "";
			projectRoot = "";
			targets = (
			);
		};
/* End PBXProject section */

/* Begin XCBuildConfiguration section */
		DACB8E9723BB766000ADBCB2 /* Debug */ = {
			isa = XCBuildConfiguration;
			buildSettings = {
			};
			name = Debug;
		};
		DACB8E9823BB766000ADBCB2 /* Release */ = {
			isa = XCBuildConfiguration;
			buildSettings = {
			};
			name = Release;
		};
/* End XCBuildConfiguration section */

/* Begin XCConfigurationList section */
		DACB8E9623BB766000ADBCB2 /* Build configuration list for PBXProject "Moonraker" */ = {
			isa = XCConfigurationList;
			buildConfigurations = (
				DACB8E9723BB766000ADBCB2 /* Debug */,
				DACB8E9823BB766000ADBCB2 /* Release */,
			);
			defaultConfigurationIsVisible = 0;
			defaultConfigurationName = Release;
		};
/* End XCConfigurationList section */
	};
	rootObject = DACB8E9323BB766000ADBCB2 /* Project object */;
}
