// !$*UTF8*$!
{
	archiveVersion = 1;
	classes = {
	};
	objectVersion = 50;
	objects = {

/* Begin PBXBuildFile section */
		DA00DE8F23BF687800B04423 /* TestInfo.swift in Sources */ = {isa = PBXBuildFile; fileRef = DA00DE8E23BF687800B04423 /* TestInfo.swift */; };
		DA00DE9123BF698600B04423 /* Info.swift in Sources */ = {isa = PBXBuildFile; fileRef = DA00DE9023BF698600B04423 /* Info.swift */; };
		DA00DE9323BF79D600B04423 /* TestTimes.swift in Sources */ = {isa = PBXBuildFile; fileRef = DA00DE9223BF79D600B04423 /* TestTimes.swift */; };
		DA00DE9523BF7CBE00B04423 /* Times.swift in Sources */ = {isa = PBXBuildFile; fileRef = DA00DE9423BF7CBE00B04423 /* Times.swift */; };
		DA00DE9723BF90F900B04423 /* Stats.swift in Sources */ = {isa = PBXBuildFile; fileRef = DA00DE9623BF90F900B04423 /* Stats.swift */; };
		DA05ACDE23BE1F8D00B888E9 /* TestPosition.swift in Sources */ = {isa = PBXBuildFile; fileRef = DA05ACDD23BE1F8D00B888E9 /* TestPosition.swift */; };
		DA077C2623BDF81100682BFE /* Horizon.swift in Sources */ = {isa = PBXBuildFile; fileRef = DA077C2523BDF81100682BFE /* Horizon.swift */; };
		DA0F09F723CC63F50070C7E0 /* Times.swift in Sources */ = {isa = PBXBuildFile; fileRef = DA0F09F623CC63F50070C7E0 /* Times.swift */; };
		DA0F09F923CC6AB50070C7E0 /* Dates.swift in Sources */ = {isa = PBXBuildFile; fileRef = DA0F09F823CC6AB50070C7E0 /* Dates.swift */; };
		DA10C57323C2009B005FD07E /* About.swift in Sources */ = {isa = PBXBuildFile; fileRef = DA10C57223C2009B005FD07E /* About.swift */; };
		DA10C57523C203EC005FD07E /* Image.swift in Sources */ = {isa = PBXBuildFile; fileRef = DA10C57423C203EC005FD07E /* Image.swift */; };
		DA2BC40123C769AD00B52F12 /* Rubik-Regular.ttf in Resources */ = {isa = PBXBuildFile; fileRef = DA2BC3FD23C769AC00B52F12 /* Rubik-Regular.ttf */; };
		DA2BC40223C769AD00B52F12 /* Rubik-Regular.ttf in Resources */ = {isa = PBXBuildFile; fileRef = DA2BC3FD23C769AC00B52F12 /* Rubik-Regular.ttf */; };
		DA2BC40323C769AD00B52F12 /* Rubik-Light.ttf in Resources */ = {isa = PBXBuildFile; fileRef = DA2BC3FE23C769AC00B52F12 /* Rubik-Light.ttf */; };
		DA2BC40423C769AD00B52F12 /* Rubik-Light.ttf in Resources */ = {isa = PBXBuildFile; fileRef = DA2BC3FE23C769AC00B52F12 /* Rubik-Light.ttf */; };
		DA2BC40523C769AD00B52F12 /* Rubik-Medium.ttf in Resources */ = {isa = PBXBuildFile; fileRef = DA2BC3FF23C769AC00B52F12 /* Rubik-Medium.ttf */; };
		DA2BC40623C769AD00B52F12 /* Rubik-Medium.ttf in Resources */ = {isa = PBXBuildFile; fileRef = DA2BC3FF23C769AC00B52F12 /* Rubik-Medium.ttf */; };
		DA2BC40723C769AD00B52F12 /* Rubik-Bold.ttf in Resources */ = {isa = PBXBuildFile; fileRef = DA2BC40023C769AD00B52F12 /* Rubik-Bold.ttf */; };
		DA2BC40823C769AD00B52F12 /* Rubik-Bold.ttf in Resources */ = {isa = PBXBuildFile; fileRef = DA2BC40023C769AD00B52F12 /* Rubik-Bold.ttf */; };
		DA2BC40A23C786E200B52F12 /* Disk.swift in Sources */ = {isa = PBXBuildFile; fileRef = DA2BC40923C786E200B52F12 /* Disk.swift */; };
		DA2BC40B23C786E200B52F12 /* Disk.swift in Sources */ = {isa = PBXBuildFile; fileRef = DA2BC40923C786E200B52F12 /* Disk.swift */; };
		DA2BC40D23C790DD00B52F12 /* Graph.swift in Sources */ = {isa = PBXBuildFile; fileRef = DA2BC40C23C790DD00B52F12 /* Graph.swift */; };
		DA432F0423C9DEF6009202D1 /* Images.xcassets in Resources */ = {isa = PBXBuildFile; fileRef = DA432F0323C9DEF6009202D1 /* Images.xcassets */; };
		DA432F1623C9DEF6009202D1 /* Complication.swift in Sources */ = {isa = PBXBuildFile; fileRef = DA432F1523C9DEF6009202D1 /* Complication.swift */; };
		DA432F1823C9DEF7009202D1 /* Complication.xcassets in Resources */ = {isa = PBXBuildFile; fileRef = DA432F1723C9DEF7009202D1 /* Complication.xcassets */; };
		DA432F2923C9E06E009202D1 /* Interface.storyboard in Resources */ = {isa = PBXBuildFile; fileRef = DA432F2823C9E06E009202D1 /* Interface.storyboard */; };
		DA432F2A23C9E09F009202D1 /* Info.swift in Sources */ = {isa = PBXBuildFile; fileRef = DA00DE9023BF698600B04423 /* Info.swift */; };
		DA432F2B23C9E09F009202D1 /* Moonraker.swift in Sources */ = {isa = PBXBuildFile; fileRef = DACB8ED023BB7C2B00ADBCB2 /* Moonraker.swift */; };
		DA432F2C23C9E09F009202D1 /* Phase.swift in Sources */ = {isa = PBXBuildFile; fileRef = DAEAD2F323BCAE470053EBEA /* Phase.swift */; };
		DA432F2D23C9E09F009202D1 /* Times.swift in Sources */ = {isa = PBXBuildFile; fileRef = DA00DE9423BF7CBE00B04423 /* Times.swift */; };
		DA432F2E23C9E46E009202D1 /* Localizable.strings in Resources */ = {isa = PBXBuildFile; fileRef = DAA7AF6823C5D07900B829D7 /* Localizable.strings */; };
		DA432F2F23C9E472009202D1 /* Assets.xcassets in Resources */ = {isa = PBXBuildFile; fileRef = DA86B41A23BDE11700F448B2 /* Assets.xcassets */; };
		DA432F3023C9E4AF009202D1 /* libMoonraker.a in Frameworks */ = {isa = PBXBuildFile; fileRef = DA432EEF23C9DEE5009202D1 /* libMoonraker.a */; };
		DA432F3323C9E4EF009202D1 /* Moonraker.appex in Embed App Extensions */ = {isa = PBXBuildFile; fileRef = DA432F0A23C9DEF6009202D1 /* Moonraker.appex */; settings = {ATTRIBUTES = (RemoveHeadersOnCopy, ); }; };
		DA432F3623C9E50C009202D1 /* Moonraker.app in Embed Watch Content */ = {isa = PBXBuildFile; fileRef = DA432EFB23C9DEF4009202D1 /* Moonraker.app */; settings = {ATTRIBUTES = (RemoveHeadersOnCopy, ); }; };
		DA46C02323C86AB8003D19B0 /* Stat.swift in Sources */ = {isa = PBXBuildFile; fileRef = DA46C02223C86AB8003D19B0 /* Stat.swift */; };
		DA46C02523C86AF3003D19B0 /* Stats.swift in Sources */ = {isa = PBXBuildFile; fileRef = DA46C02423C86AF3003D19B0 /* Stats.swift */; };
		DA46C02723C879E1003D19B0 /* Button.swift in Sources */ = {isa = PBXBuildFile; fileRef = DA46C02623C879E1003D19B0 /* Button.swift */; };
		DA46C02923C8A2CF003D19B0 /* Equalizer.swift in Sources */ = {isa = PBXBuildFile; fileRef = DA46C02823C8A2CF003D19B0 /* Equalizer.swift */; };
		DA46C02A23C8A2CF003D19B0 /* Equalizer.swift in Sources */ = {isa = PBXBuildFile; fileRef = DA46C02823C8A2CF003D19B0 /* Equalizer.swift */; };
		DA5831A223BB8A8C00AD5BBB /* Moon.swift in Sources */ = {isa = PBXBuildFile; fileRef = DA5831A123BB8A8C00AD5BBB /* Moon.swift */; };
		DA7911C823C9E67A00CBBAF9 /* App.swift in Sources */ = {isa = PBXBuildFile; fileRef = DA7911C723C9E67A00CBBAF9 /* App.swift */; };
		DA7911CA23C9E71400CBBAF9 /* Main.swift in Sources */ = {isa = PBXBuildFile; fileRef = DA7911C923C9E71400CBBAF9 /* Main.swift */; };
		DA7911CC23CA0B5100CBBAF9 /* MainModel.swift in Sources */ = {isa = PBXBuildFile; fileRef = DA7911CB23CA0B5100CBBAF9 /* MainModel.swift */; };
		DA83879323C5E066008D018F /* Font.swift in Sources */ = {isa = PBXBuildFile; fileRef = DAF2E82023C0A1A80029EB87 /* Font.swift */; };
		DA83879423C5E06E008D018F /* Color.swift in Sources */ = {isa = PBXBuildFile; fileRef = DA86B41D23BDE16400F448B2 /* Color.swift */; };
		DA83879523C5E072008D018F /* String.swift in Sources */ = {isa = PBXBuildFile; fileRef = DAF2E81E23C0A1200029EB87 /* String.swift */; };
		DA83879623C5E0AA008D018F /* Assets.xcassets in Resources */ = {isa = PBXBuildFile; fileRef = DA86B41A23BDE11700F448B2 /* Assets.xcassets */; };
		DA83879823C5E1A8008D018F /* View.swift in Sources */ = {isa = PBXBuildFile; fileRef = DA83879723C5E1A8008D018F /* View.swift */; };
		DA83879A23C5E1F7008D018F /* Horizon.swift in Sources */ = {isa = PBXBuildFile; fileRef = DA83879923C5E1F7008D018F /* Horizon.swift */; };
		DA83879C23C5E283008D018F /* Moon.swift in Sources */ = {isa = PBXBuildFile; fileRef = DA5831A123BB8A8C00AD5BBB /* Moon.swift */; };
		DA86B41B23BDE11700F448B2 /* Assets.xcassets in Resources */ = {isa = PBXBuildFile; fileRef = DA86B41A23BDE11700F448B2 /* Assets.xcassets */; };
		DA86B41E23BDE16400F448B2 /* Color.swift in Sources */ = {isa = PBXBuildFile; fileRef = DA86B41D23BDE16400F448B2 /* Color.swift */; };
		DA87F70123CDB29A009E3436 /* Image.swift in Sources */ = {isa = PBXBuildFile; fileRef = DA87F70023CDB29A009E3436 /* Image.swift */; };
		DA8E683B23C23A2F00BE172B /* Pop.swift in Sources */ = {isa = PBXBuildFile; fileRef = DA8E683A23C23A2F00BE172B /* Pop.swift */; };
		DAA7AF5723C5CFAA00B829D7 /* App.swift in Sources */ = {isa = PBXBuildFile; fileRef = DAA7AF5623C5CFAA00B829D7 /* App.swift */; };
		DAA7AF6023C5CFAD00B829D7 /* Images.xcassets in Resources */ = {isa = PBXBuildFile; fileRef = DAA7AF5F23C5CFAD00B829D7 /* Images.xcassets */; };
		DAA7AF6A23C5D07900B829D7 /* Localizable.strings in Resources */ = {isa = PBXBuildFile; fileRef = DAA7AF6823C5D07900B829D7 /* Localizable.strings */; };
		DAA7AF6B23C5D07900B829D7 /* Localizable.strings in Resources */ = {isa = PBXBuildFile; fileRef = DAA7AF6823C5D07900B829D7 /* Localizable.strings */; };
		DAA7AF7A23C5D0E400B829D7 /* LaunchScreen.storyboard in Resources */ = {isa = PBXBuildFile; fileRef = DAA7AF7923C5D0E400B829D7 /* LaunchScreen.storyboard */; };
		DAA7AF8623C5D15800B829D7 /* Info.swift in Sources */ = {isa = PBXBuildFile; fileRef = DA00DE9023BF698600B04423 /* Info.swift */; };
		DAA7AF8723C5D15800B829D7 /* Moonraker.swift in Sources */ = {isa = PBXBuildFile; fileRef = DACB8ED023BB7C2B00ADBCB2 /* Moonraker.swift */; };
		DAA7AF8823C5D15800B829D7 /* Phase.swift in Sources */ = {isa = PBXBuildFile; fileRef = DAEAD2F323BCAE470053EBEA /* Phase.swift */; };
		DAA7AF8923C5D15800B829D7 /* Times.swift in Sources */ = {isa = PBXBuildFile; fileRef = DA00DE9423BF7CBE00B04423 /* Times.swift */; };
		DAA7AF8A23C5D27D00B829D7 /* libMoonraker.a in Frameworks */ = {isa = PBXBuildFile; fileRef = DAA7AF7F23C5D12F00B829D7 /* libMoonraker.a */; };
		DAABA69423C5FE47002BD579 /* Drag.swift in Sources */ = {isa = PBXBuildFile; fileRef = DAABA69323C5FE47002BD579 /* Drag.swift */; };
		DAABA69523C5FE47002BD579 /* Drag.swift in Sources */ = {isa = PBXBuildFile; fileRef = DAABA69323C5FE47002BD579 /* Drag.swift */; };
		DAABA69723C5FE6A002BD579 /* Wheel.swift in Sources */ = {isa = PBXBuildFile; fileRef = DAABA69623C5FE6A002BD579 /* Wheel.swift */; };
		DAABA69923C5FEAE002BD579 /* Image.swift in Sources */ = {isa = PBXBuildFile; fileRef = DAABA69823C5FEAE002BD579 /* Image.swift */; };
		DAABA69B23C5FEC0002BD579 /* Label.swift in Sources */ = {isa = PBXBuildFile; fileRef = DAABA69A23C5FEC0002BD579 /* Label.swift */; };
		DABA74F823C0F7FC00DCD08C /* Images.xcassets in Resources */ = {isa = PBXBuildFile; fileRef = DABA74F723C0F7FC00DCD08C /* Images.xcassets */; };
		DACB8ED123BB7C2B00ADBCB2 /* Moonraker.swift in Sources */ = {isa = PBXBuildFile; fileRef = DACB8ED023BB7C2B00ADBCB2 /* Moonraker.swift */; };
		DACB8EDD23BB7C4000ADBCB2 /* Window.swift in Sources */ = {isa = PBXBuildFile; fileRef = DACB8ED623BB7C3F00ADBCB2 /* Window.swift */; };
		DACB8EDE23BB7C4000ADBCB2 /* App.swift in Sources */ = {isa = PBXBuildFile; fileRef = DACB8ED723BB7C3F00ADBCB2 /* App.swift */; };
		DACB8EE723BB843500ADBCB2 /* libMoonraker.a in Frameworks */ = {isa = PBXBuildFile; fileRef = DACB8EE423BB7DDD00ADBCB2 /* libMoonraker.a */; };
		DACB8EEA23BB843F00ADBCB2 /* libMoonraker.a in Frameworks */ = {isa = PBXBuildFile; fileRef = DACB8EE423BB7DDD00ADBCB2 /* libMoonraker.a */; };
		DAE156AC23C33BD90050CB02 /* Wheel.swift in Sources */ = {isa = PBXBuildFile; fileRef = DAE156AB23C33BD90050CB02 /* Wheel.swift */; };
		DAE70A8E23C4760A0045FC2F /* Stat.swift in Sources */ = {isa = PBXBuildFile; fileRef = DAE70A8D23C4760A0045FC2F /* Stat.swift */; };
		DAEAD2F223BC8FC10053EBEA /* TestIllumination.swift in Sources */ = {isa = PBXBuildFile; fileRef = DAEAD2F123BC8FC10053EBEA /* TestIllumination.swift */; };
		DAEAD2F423BCAE470053EBEA /* Phase.swift in Sources */ = {isa = PBXBuildFile; fileRef = DAEAD2F323BCAE470053EBEA /* Phase.swift */; };
		DAF0BF7823C214BE0035F416 /* Graph.swift in Sources */ = {isa = PBXBuildFile; fileRef = DAF0BF7723C214BE0035F416 /* Graph.swift */; };
		DAF2E81D23C09E440029EB87 /* Label.swift in Sources */ = {isa = PBXBuildFile; fileRef = DAF2E81C23C09E440029EB87 /* Label.swift */; };
		DAF2E81F23C0A1200029EB87 /* String.swift in Sources */ = {isa = PBXBuildFile; fileRef = DAF2E81E23C0A1200029EB87 /* String.swift */; };
		DAF2E82123C0A1A80029EB87 /* Font.swift in Sources */ = {isa = PBXBuildFile; fileRef = DAF2E82023C0A1A80029EB87 /* Font.swift */; };
		DAF2E82323C0C4EE0029EB87 /* TestPhases.swift in Sources */ = {isa = PBXBuildFile; fileRef = DAF2E82223C0C4EE0029EB87 /* TestPhases.swift */; };
		DAF2E82523C0E4430029EB87 /* Menu.swift in Sources */ = {isa = PBXBuildFile; fileRef = DAF2E82423C0E4430029EB87 /* Menu.swift */; };
		DAF43A5B23CC6E69006D61A7 /* DatesModel.swift in Sources */ = {isa = PBXBuildFile; fileRef = DAF43A5A23CC6E69006D61A7 /* DatesModel.swift */; };
		DAF43A5D23CC6EE2006D61A7 /* TimesModel.swift in Sources */ = {isa = PBXBuildFile; fileRef = DAF43A5C23CC6EE2006D61A7 /* TimesModel.swift */; };
		DAF43A5E23CC857E006D61A7 /* String.swift in Sources */ = {isa = PBXBuildFile; fileRef = DAF2E81E23C0A1200029EB87 /* String.swift */; };
/* End PBXBuildFile section */

/* Begin PBXContainerItemProxy section */
		DA432F3123C9E4B8009202D1 /* PBXContainerItemProxy */ = {
			isa = PBXContainerItemProxy;
			containerPortal = DACB8E9323BB766000ADBCB2 /* Project object */;
			proxyType = 1;
			remoteGlobalIDString = DA432EEE23C9DEE5009202D1;
			remoteInfo = Watch;
		};
		DA432F3423C9E4F5009202D1 /* PBXContainerItemProxy */ = {
			isa = PBXContainerItemProxy;
			containerPortal = DACB8E9323BB766000ADBCB2 /* Project object */;
			proxyType = 1;
			remoteGlobalIDString = DA432F0923C9DEF6009202D1;
			remoteInfo = WatchExtension;
		};
		DA432F3723C9E514009202D1 /* PBXContainerItemProxy */ = {
			isa = PBXContainerItemProxy;
			containerPortal = DACB8E9323BB766000ADBCB2 /* Project object */;
			proxyType = 1;
			remoteGlobalIDString = DA432EFA23C9DEF4009202D1;
			remoteInfo = WatchApp;
		};
		DAA7AF8B23C5D27D00B829D7 /* PBXContainerItemProxy */ = {
			isa = PBXContainerItemProxy;
			containerPortal = DACB8E9323BB766000ADBCB2 /* Project object */;
			proxyType = 1;
			remoteGlobalIDString = DAA7AF7E23C5D12F00B829D7;
			remoteInfo = iOS;
		};
		DACB8EE823BB843500ADBCB2 /* PBXContainerItemProxy */ = {
			isa = PBXContainerItemProxy;
			containerPortal = DACB8E9323BB766000ADBCB2 /* Project object */;
			proxyType = 1;
			remoteGlobalIDString = DACB8E9C23BB782000ADBCB2;
			remoteInfo = Mac;
		};
		DACB8EEB23BB844900ADBCB2 /* PBXContainerItemProxy */ = {
			isa = PBXContainerItemProxy;
			containerPortal = DACB8E9323BB766000ADBCB2 /* Project object */;
			proxyType = 1;
			remoteGlobalIDString = DACB8E9C23BB782000ADBCB2;
			remoteInfo = Mac;
		};
/* End PBXContainerItemProxy section */

/* Begin PBXCopyFilesBuildPhase section */
		DA432EED23C9DEE5009202D1 /* CopyFiles */ = {
			isa = PBXCopyFilesBuildPhase;
			buildActionMask = 2147483647;
			dstPath = "include/$(PRODUCT_NAME)";
			dstSubfolderSpec = 16;
			files = (
			);
			runOnlyForDeploymentPostprocessing = 0;
		};
		DA432F2023C9DEF7009202D1 /* Embed App Extensions */ = {
			isa = PBXCopyFilesBuildPhase;
			buildActionMask = 2147483647;
			dstPath = "";
			dstSubfolderSpec = 13;
			files = (
				DA432F3323C9E4EF009202D1 /* Moonraker.appex in Embed App Extensions */,
			);
			name = "Embed App Extensions";
			runOnlyForDeploymentPostprocessing = 0;
		};
		DA432F2423C9DEF7009202D1 /* Embed Watch Content */ = {
			isa = PBXCopyFilesBuildPhase;
			buildActionMask = 2147483647;
			dstPath = "$(CONTENTS_FOLDER_PATH)/Watch";
			dstSubfolderSpec = 16;
			files = (
				DA432F3623C9E50C009202D1 /* Moonraker.app in Embed Watch Content */,
			);
			name = "Embed Watch Content";
			runOnlyForDeploymentPostprocessing = 0;
		};
		DAA7AF7D23C5D12F00B829D7 /* CopyFiles */ = {
			isa = PBXCopyFilesBuildPhase;
			buildActionMask = 2147483647;
			dstPath = "include/$(PRODUCT_NAME)";
			dstSubfolderSpec = 16;
			files = (
			);
			runOnlyForDeploymentPostprocessing = 0;
		};
/* End PBXCopyFilesBuildPhase section */

/* Begin PBXFileReference section */
		DA00DE8E23BF687800B04423 /* TestInfo.swift */ = {isa = PBXFileReference; lastKnownFileType = sourcecode.swift; path = TestInfo.swift; sourceTree = "<group>"; };
		DA00DE9023BF698600B04423 /* Info.swift */ = {isa = PBXFileReference; lastKnownFileType = sourcecode.swift; path = Info.swift; sourceTree = "<group>"; };
		DA00DE9223BF79D600B04423 /* TestTimes.swift */ = {isa = PBXFileReference; lastKnownFileType = sourcecode.swift; path = TestTimes.swift; sourceTree = "<group>"; };
		DA00DE9423BF7CBE00B04423 /* Times.swift */ = {isa = PBXFileReference; lastKnownFileType = sourcecode.swift; path = Times.swift; sourceTree = "<group>"; };
		DA00DE9623BF90F900B04423 /* Stats.swift */ = {isa = PBXFileReference; lastKnownFileType = sourcecode.swift; path = Stats.swift; sourceTree = "<group>"; };
		DA05ACDD23BE1F8D00B888E9 /* TestPosition.swift */ = {isa = PBXFileReference; lastKnownFileType = sourcecode.swift; path = TestPosition.swift; sourceTree = "<group>"; };
		DA077C2523BDF81100682BFE /* Horizon.swift */ = {isa = PBXFileReference; lastKnownFileType = sourcecode.swift; path = Horizon.swift; sourceTree = "<group>"; };
		DA0F09F623CC63F50070C7E0 /* Times.swift */ = {isa = PBXFileReference; lastKnownFileType = sourcecode.swift; path = Times.swift; sourceTree = "<group>"; };
		DA0F09F823CC6AB50070C7E0 /* Dates.swift */ = {isa = PBXFileReference; lastKnownFileType = sourcecode.swift; path = Dates.swift; sourceTree = "<group>"; };
		DA10C57223C2009B005FD07E /* About.swift */ = {isa = PBXFileReference; lastKnownFileType = sourcecode.swift; path = About.swift; sourceTree = "<group>"; };
		DA10C57423C203EC005FD07E /* Image.swift */ = {isa = PBXFileReference; lastKnownFileType = sourcecode.swift; path = Image.swift; sourceTree = "<group>"; };
		DA2BC3FD23C769AC00B52F12 /* Rubik-Regular.ttf */ = {isa = PBXFileReference; lastKnownFileType = file; path = "Rubik-Regular.ttf"; sourceTree = "<group>"; };
		DA2BC3FE23C769AC00B52F12 /* Rubik-Light.ttf */ = {isa = PBXFileReference; lastKnownFileType = file; path = "Rubik-Light.ttf"; sourceTree = "<group>"; };
		DA2BC3FF23C769AC00B52F12 /* Rubik-Medium.ttf */ = {isa = PBXFileReference; lastKnownFileType = file; path = "Rubik-Medium.ttf"; sourceTree = "<group>"; };
		DA2BC40023C769AD00B52F12 /* Rubik-Bold.ttf */ = {isa = PBXFileReference; lastKnownFileType = file; path = "Rubik-Bold.ttf"; sourceTree = "<group>"; };
		DA2BC40923C786E200B52F12 /* Disk.swift */ = {isa = PBXFileReference; lastKnownFileType = sourcecode.swift; path = Disk.swift; sourceTree = "<group>"; };
		DA2BC40C23C790DD00B52F12 /* Graph.swift */ = {isa = PBXFileReference; lastKnownFileType = sourcecode.swift; path = Graph.swift; sourceTree = "<group>"; };
		DA432EEF23C9DEE5009202D1 /* libMoonraker.a */ = {isa = PBXFileReference; explicitFileType = archive.ar; includeInIndex = 0; path = libMoonraker.a; sourceTree = BUILT_PRODUCTS_DIR; };
		DA432EF823C9DEF4009202D1 /* MoonrakerWrapper.app */ = {isa = PBXFileReference; explicitFileType = wrapper.application; includeInIndex = 0; path = MoonrakerWrapper.app; sourceTree = BUILT_PRODUCTS_DIR; };
		DA432EFB23C9DEF4009202D1 /* Moonraker.app */ = {isa = PBXFileReference; explicitFileType = wrapper.application; includeInIndex = 0; path = Moonraker.app; sourceTree = BUILT_PRODUCTS_DIR; };
		DA432F0323C9DEF6009202D1 /* Images.xcassets */ = {isa = PBXFileReference; lastKnownFileType = folder.assetcatalog; path = Images.xcassets; sourceTree = "<group>"; };
		DA432F0523C9DEF6009202D1 /* Info.plist */ = {isa = PBXFileReference; lastKnownFileType = text.plist.xml; path = Info.plist; sourceTree = "<group>"; };
		DA432F0A23C9DEF6009202D1 /* Moonraker.appex */ = {isa = PBXFileReference; explicitFileType = "wrapper.app-extension"; includeInIndex = 0; path = Moonraker.appex; sourceTree = BUILT_PRODUCTS_DIR; };
		DA432F1523C9DEF6009202D1 /* Complication.swift */ = {isa = PBXFileReference; lastKnownFileType = sourcecode.swift; path = Complication.swift; sourceTree = "<group>"; };
		DA432F1723C9DEF7009202D1 /* Complication.xcassets */ = {isa = PBXFileReference; lastKnownFileType = folder.assetcatalog; path = Complication.xcassets; sourceTree = "<group>"; };
		DA432F1C23C9DEF7009202D1 /* WatchExtension.plist */ = {isa = PBXFileReference; lastKnownFileType = text.plist.xml; path = WatchExtension.plist; sourceTree = "<group>"; };
		DA432F2823C9E06E009202D1 /* Interface.storyboard */ = {isa = PBXFileReference; fileEncoding = 4; lastKnownFileType = file.storyboard; path = Interface.storyboard; sourceTree = "<group>"; };
		DA46C02223C86AB8003D19B0 /* Stat.swift */ = {isa = PBXFileReference; lastKnownFileType = sourcecode.swift; path = Stat.swift; sourceTree = "<group>"; };
		DA46C02423C86AF3003D19B0 /* Stats.swift */ = {isa = PBXFileReference; lastKnownFileType = sourcecode.swift; path = Stats.swift; sourceTree = "<group>"; };
		DA46C02623C879E1003D19B0 /* Button.swift */ = {isa = PBXFileReference; lastKnownFileType = sourcecode.swift; path = Button.swift; sourceTree = "<group>"; };
		DA46C02823C8A2CF003D19B0 /* Equalizer.swift */ = {isa = PBXFileReference; lastKnownFileType = sourcecode.swift; path = Equalizer.swift; sourceTree = "<group>"; };
		DA5831A123BB8A8C00AD5BBB /* Moon.swift */ = {isa = PBXFileReference; lastKnownFileType = sourcecode.swift; path = Moon.swift; sourceTree = "<group>"; };
		DA7911C723C9E67A00CBBAF9 /* App.swift */ = {isa = PBXFileReference; lastKnownFileType = sourcecode.swift; path = App.swift; sourceTree = "<group>"; };
		DA7911C923C9E71400CBBAF9 /* Main.swift */ = {isa = PBXFileReference; lastKnownFileType = sourcecode.swift; path = Main.swift; sourceTree = "<group>"; };
		DA7911CB23CA0B5100CBBAF9 /* MainModel.swift */ = {isa = PBXFileReference; lastKnownFileType = sourcecode.swift; path = MainModel.swift; sourceTree = "<group>"; };
		DA83879723C5E1A8008D018F /* View.swift */ = {isa = PBXFileReference; lastKnownFileType = sourcecode.swift; path = View.swift; sourceTree = "<group>"; };
		DA83879923C5E1F7008D018F /* Horizon.swift */ = {isa = PBXFileReference; lastKnownFileType = sourcecode.swift; path = Horizon.swift; sourceTree = "<group>"; };
		DA86B41A23BDE11700F448B2 /* Assets.xcassets */ = {isa = PBXFileReference; lastKnownFileType = folder.assetcatalog; path = Assets.xcassets; sourceTree = "<group>"; };
		DA86B41D23BDE16400F448B2 /* Color.swift */ = {isa = PBXFileReference; lastKnownFileType = sourcecode.swift; path = Color.swift; sourceTree = "<group>"; };
		DA87F70023CDB29A009E3436 /* Image.swift */ = {isa = PBXFileReference; lastKnownFileType = sourcecode.swift; path = Image.swift; sourceTree = "<group>"; };
		DA8E683A23C23A2F00BE172B /* Pop.swift */ = {isa = PBXFileReference; lastKnownFileType = sourcecode.swift; path = Pop.swift; sourceTree = "<group>"; };
		DAA7AF5423C5CFAA00B829D7 /* Moonraker.app */ = {isa = PBXFileReference; explicitFileType = wrapper.application; includeInIndex = 0; path = Moonraker.app; sourceTree = BUILT_PRODUCTS_DIR; };
		DAA7AF5623C5CFAA00B829D7 /* App.swift */ = {isa = PBXFileReference; lastKnownFileType = sourcecode.swift; path = App.swift; sourceTree = "<group>"; };
		DAA7AF5F23C5CFAD00B829D7 /* Images.xcassets */ = {isa = PBXFileReference; lastKnownFileType = folder.assetcatalog; path = Images.xcassets; sourceTree = "<group>"; };
		DAA7AF6423C5CFAD00B829D7 /* Info.plist */ = {isa = PBXFileReference; lastKnownFileType = text.plist.xml; path = Info.plist; sourceTree = "<group>"; };
		DAA7AF6923C5D07900B829D7 /* Base */ = {isa = PBXFileReference; lastKnownFileType = text.plist.strings; name = Base; path = Base.lproj/Localizable.strings; sourceTree = "<group>"; };
		DAA7AF7923C5D0E400B829D7 /* LaunchScreen.storyboard */ = {isa = PBXFileReference; fileEncoding = 4; lastKnownFileType = file.storyboard; path = LaunchScreen.storyboard; sourceTree = "<group>"; };
		DAA7AF7F23C5D12F00B829D7 /* libMoonraker.a */ = {isa = PBXFileReference; explicitFileType = archive.ar; includeInIndex = 0; path = libMoonraker.a; sourceTree = BUILT_PRODUCTS_DIR; };
		DAABA69323C5FE47002BD579 /* Drag.swift */ = {isa = PBXFileReference; lastKnownFileType = sourcecode.swift; path = Drag.swift; sourceTree = "<group>"; };
		DAABA69623C5FE6A002BD579 /* Wheel.swift */ = {isa = PBXFileReference; lastKnownFileType = sourcecode.swift; path = Wheel.swift; sourceTree = "<group>"; };
		DAABA69823C5FEAE002BD579 /* Image.swift */ = {isa = PBXFileReference; lastKnownFileType = sourcecode.swift; path = Image.swift; sourceTree = "<group>"; };
		DAABA69A23C5FEC0002BD579 /* Label.swift */ = {isa = PBXFileReference; lastKnownFileType = sourcecode.swift; path = Label.swift; sourceTree = "<group>"; };
		DABA74F723C0F7FC00DCD08C /* Images.xcassets */ = {isa = PBXFileReference; lastKnownFileType = folder.assetcatalog; path = Images.xcassets; sourceTree = "<group>"; };
		DACB8ECC23BB7C1600ADBCB2 /* Info.plist */ = {isa = PBXFileReference; fileEncoding = 4; lastKnownFileType = text.plist.xml; path = Info.plist; sourceTree = "<group>"; };
		DACB8ED023BB7C2B00ADBCB2 /* Moonraker.swift */ = {isa = PBXFileReference; fileEncoding = 4; lastKnownFileType = sourcecode.swift; path = Moonraker.swift; sourceTree = "<group>"; };
		DACB8ED223BB7C2B00ADBCB2 /* Tests.xctest */ = {isa = PBXFileReference; explicitFileType = wrapper.cfbundle; includeInIndex = 0; path = Tests.xctest; sourceTree = BUILT_PRODUCTS_DIR; };
		DACB8ED523BB7C3F00ADBCB2 /* MacApp.entitlements */ = {isa = PBXFileReference; fileEncoding = 4; lastKnownFileType = text.plist.entitlements; path = MacApp.entitlements; sourceTree = "<group>"; };
		DACB8ED623BB7C3F00ADBCB2 /* Window.swift */ = {isa = PBXFileReference; fileEncoding = 4; lastKnownFileType = sourcecode.swift; path = Window.swift; sourceTree = "<group>"; };
		DACB8ED723BB7C3F00ADBCB2 /* App.swift */ = {isa = PBXFileReference; fileEncoding = 4; lastKnownFileType = sourcecode.swift; path = App.swift; sourceTree = "<group>"; };
		DACB8ED823BB7C3F00ADBCB2 /* Info.plist */ = {isa = PBXFileReference; fileEncoding = 4; lastKnownFileType = text.plist.xml; path = Info.plist; sourceTree = "<group>"; };
		DACB8EE123BB7C5000ADBCB2 /* LICENSE */ = {isa = PBXFileReference; lastKnownFileType = text; path = LICENSE; sourceTree = "<group>"; };
		DACB8EE223BB7C5000ADBCB2 /* README.md */ = {isa = PBXFileReference; lastKnownFileType = net.daringfireball.markdown; path = README.md; sourceTree = "<group>"; };
		DACB8EE323BB7C5000ADBCB2 /* .gitignore */ = {isa = PBXFileReference; lastKnownFileType = text; path = .gitignore; sourceTree = "<group>"; };
		DACB8EE423BB7DDD00ADBCB2 /* libMoonraker.a */ = {isa = PBXFileReference; explicitFileType = archive.ar; includeInIndex = 0; path = libMoonraker.a; sourceTree = BUILT_PRODUCTS_DIR; };
		DACB8EE523BB7E2D00ADBCB2 /* Moonraker.app */ = {isa = PBXFileReference; explicitFileType = wrapper.application; includeInIndex = 0; path = Moonraker.app; sourceTree = BUILT_PRODUCTS_DIR; };
		DAE156AB23C33BD90050CB02 /* Wheel.swift */ = {isa = PBXFileReference; lastKnownFileType = sourcecode.swift; path = Wheel.swift; sourceTree = "<group>"; };
		DAE70A8D23C4760A0045FC2F /* Stat.swift */ = {isa = PBXFileReference; lastKnownFileType = sourcecode.swift; path = Stat.swift; sourceTree = "<group>"; };
		DAEAD2F123BC8FC10053EBEA /* TestIllumination.swift */ = {isa = PBXFileReference; lastKnownFileType = sourcecode.swift; path = TestIllumination.swift; sourceTree = "<group>"; };
		DAEAD2F323BCAE470053EBEA /* Phase.swift */ = {isa = PBXFileReference; lastKnownFileType = sourcecode.swift; path = Phase.swift; sourceTree = "<group>"; };
		DAF0BF7723C214BE0035F416 /* Graph.swift */ = {isa = PBXFileReference; lastKnownFileType = sourcecode.swift; path = Graph.swift; sourceTree = "<group>"; };
		DAF2E81C23C09E440029EB87 /* Label.swift */ = {isa = PBXFileReference; lastKnownFileType = sourcecode.swift; path = Label.swift; sourceTree = "<group>"; };
		DAF2E81E23C0A1200029EB87 /* String.swift */ = {isa = PBXFileReference; lastKnownFileType = sourcecode.swift; path = String.swift; sourceTree = "<group>"; };
		DAF2E82023C0A1A80029EB87 /* Font.swift */ = {isa = PBXFileReference; lastKnownFileType = sourcecode.swift; path = Font.swift; sourceTree = "<group>"; };
		DAF2E82223C0C4EE0029EB87 /* TestPhases.swift */ = {isa = PBXFileReference; lastKnownFileType = sourcecode.swift; path = TestPhases.swift; sourceTree = "<group>"; };
		DAF2E82423C0E4430029EB87 /* Menu.swift */ = {isa = PBXFileReference; lastKnownFileType = sourcecode.swift; path = Menu.swift; sourceTree = "<group>"; };
		DAF43A5A23CC6E69006D61A7 /* DatesModel.swift */ = {isa = PBXFileReference; lastKnownFileType = sourcecode.swift; path = DatesModel.swift; sourceTree = "<group>"; };
		DAF43A5C23CC6EE2006D61A7 /* TimesModel.swift */ = {isa = PBXFileReference; lastKnownFileType = sourcecode.swift; path = TimesModel.swift; sourceTree = "<group>"; };
/* End PBXFileReference section */

/* Begin PBXFrameworksBuildPhase section */
		DA432EEC23C9DEE5009202D1 /* Frameworks */ = {
			isa = PBXFrameworksBuildPhase;
			buildActionMask = 2147483647;
			files = (
			);
			runOnlyForDeploymentPostprocessing = 0;
		};
		DA432F0723C9DEF6009202D1 /* Frameworks */ = {
			isa = PBXFrameworksBuildPhase;
			buildActionMask = 2147483647;
			files = (
				DA432F3023C9E4AF009202D1 /* libMoonraker.a in Frameworks */,
			);
			runOnlyForDeploymentPostprocessing = 0;
		};
		DAA7AF5123C5CFAA00B829D7 /* Frameworks */ = {
			isa = PBXFrameworksBuildPhase;
			buildActionMask = 2147483647;
			files = (
				DAA7AF8A23C5D27D00B829D7 /* libMoonraker.a in Frameworks */,
			);
			runOnlyForDeploymentPostprocessing = 0;
		};
		DAA7AF7C23C5D12F00B829D7 /* Frameworks */ = {
			isa = PBXFrameworksBuildPhase;
			buildActionMask = 2147483647;
			files = (
			);
			runOnlyForDeploymentPostprocessing = 0;
		};
		DACB8E9B23BB782000ADBCB2 /* Frameworks */ = {
			isa = PBXFrameworksBuildPhase;
			buildActionMask = 2147483647;
			files = (
			);
			runOnlyForDeploymentPostprocessing = 0;
		};
		DACB8EA823BB783D00ADBCB2 /* Frameworks */ = {
			isa = PBXFrameworksBuildPhase;
			buildActionMask = 2147483647;
			files = (
				DACB8EEA23BB843F00ADBCB2 /* libMoonraker.a in Frameworks */,
			);
			runOnlyForDeploymentPostprocessing = 0;
		};
		DACB8EB723BB786E00ADBCB2 /* Frameworks */ = {
			isa = PBXFrameworksBuildPhase;
			buildActionMask = 2147483647;
			files = (
				DACB8EE723BB843500ADBCB2 /* libMoonraker.a in Frameworks */,
			);
			runOnlyForDeploymentPostprocessing = 0;
		};
/* End PBXFrameworksBuildPhase section */

/* Begin PBXGroup section */
		DA432EF023C9DEE5009202D1 /* Watch */ = {
			isa = PBXGroup;
			children = (
				DA432F0523C9DEF6009202D1 /* Info.plist */,
				DA432F1C23C9DEF7009202D1 /* WatchExtension.plist */,
				DA432F2823C9E06E009202D1 /* Interface.storyboard */,
				DA7911C723C9E67A00CBBAF9 /* App.swift */,
				DA432F1523C9DEF6009202D1 /* Complication.swift */,
				DA0F09F823CC6AB50070C7E0 /* Dates.swift */,
				DAF43A5A23CC6E69006D61A7 /* DatesModel.swift */,
				DA87F70023CDB29A009E3436 /* Image.swift */,
				DA7911C923C9E71400CBBAF9 /* Main.swift */,
				DA7911CB23CA0B5100CBBAF9 /* MainModel.swift */,
				DA0F09F623CC63F50070C7E0 /* Times.swift */,
				DAF43A5C23CC6EE2006D61A7 /* TimesModel.swift */,
				DA432F1723C9DEF7009202D1 /* Complication.xcassets */,
				DA432F0323C9DEF6009202D1 /* Images.xcassets */,
			);
			path = Watch;
			sourceTree = "<group>";
		};
		DA86B41C23BDE14E00F448B2 /* Shared */ = {
			isa = PBXGroup;
			children = (
				DA86B41D23BDE16400F448B2 /* Color.swift */,
				DA2BC40923C786E200B52F12 /* Disk.swift */,
				DAABA69323C5FE47002BD579 /* Drag.swift */,
				DA46C02823C8A2CF003D19B0 /* Equalizer.swift */,
				DAF2E82023C0A1A80029EB87 /* Font.swift */,
				DA5831A123BB8A8C00AD5BBB /* Moon.swift */,
				DAF2E81E23C0A1200029EB87 /* String.swift */,
				DA86B41A23BDE11700F448B2 /* Assets.xcassets */,
				DAA7AF6C23C5D08600B829D7 /* Font */,
				DAA7AF6823C5D07900B829D7 /* Localizable.strings */,
			);
			path = Shared;
			sourceTree = "<group>";
		};
		DAA7AF5523C5CFAA00B829D7 /* iOS */ = {
			isa = PBXGroup;
			children = (
				DAA7AF6423C5CFAD00B829D7 /* Info.plist */,
				DAA7AF7923C5D0E400B829D7 /* LaunchScreen.storyboard */,
				DAA7AF5623C5CFAA00B829D7 /* App.swift */,
				DA46C02623C879E1003D19B0 /* Button.swift */,
				DA2BC40C23C790DD00B52F12 /* Graph.swift */,
				DA83879923C5E1F7008D018F /* Horizon.swift */,
				DAABA69823C5FEAE002BD579 /* Image.swift */,
				DAABA69A23C5FEC0002BD579 /* Label.swift */,
				DA46C02223C86AB8003D19B0 /* Stat.swift */,
				DA46C02423C86AF3003D19B0 /* Stats.swift */,
				DA83879723C5E1A8008D018F /* View.swift */,
				DAABA69623C5FE6A002BD579 /* Wheel.swift */,
				DAA7AF5F23C5CFAD00B829D7 /* Images.xcassets */,
			);
			path = iOS;
			sourceTree = "<group>";
		};
		DAA7AF6C23C5D08600B829D7 /* Font */ = {
			isa = PBXGroup;
			children = (
				DA2BC40023C769AD00B52F12 /* Rubik-Bold.ttf */,
				DA2BC3FE23C769AC00B52F12 /* Rubik-Light.ttf */,
				DA2BC3FF23C769AC00B52F12 /* Rubik-Medium.ttf */,
				DA2BC3FD23C769AC00B52F12 /* Rubik-Regular.ttf */,
			);
			path = Font;
			sourceTree = "<group>";
		};
		DACB8E9223BB766000ADBCB2 = {
			isa = PBXGroup;
			children = (
				DACB8EE323BB7C5000ADBCB2 /* .gitignore */,
				DACB8EE123BB7C5000ADBCB2 /* LICENSE */,
				DACB8EE423BB7DDD00ADBCB2 /* libMoonraker.a */,
				DAA7AF7F23C5D12F00B829D7 /* libMoonraker.a */,
				DA432EEF23C9DEE5009202D1 /* libMoonraker.a */,
				DACB8EE523BB7E2D00ADBCB2 /* Moonraker.app */,
				DAA7AF5423C5CFAA00B829D7 /* Moonraker.app */,
				DA432EFB23C9DEF4009202D1 /* Moonraker.app */,
				DA432EF823C9DEF4009202D1 /* MoonrakerWrapper.app */,
				DA432F0A23C9DEF6009202D1 /* Moonraker.appex */,
				DACB8EE223BB7C5000ADBCB2 /* README.md */,
				DACB8ED223BB7C2B00ADBCB2 /* Tests.xctest */,
				DACB8EE623BB843500ADBCB2 /* Frameworks */,
				DAA7AF5523C5CFAA00B829D7 /* iOS */,
				DACB8ED423BB7C3F00ADBCB2 /* Mac */,
				DA86B41C23BDE14E00F448B2 /* Shared */,
				DACB8ECF23BB7C2B00ADBCB2 /* Source */,
				DACB8ECA23BB7C1600ADBCB2 /* Tests */,
				DA432EF023C9DEE5009202D1 /* Watch */,
			);
			sourceTree = "<group>";
		};
		DACB8ECA23BB7C1600ADBCB2 /* Tests */ = {
			isa = PBXGroup;
			children = (
				DACB8ECC23BB7C1600ADBCB2 /* Info.plist */,
				DAEAD2F123BC8FC10053EBEA /* TestIllumination.swift */,
				DA00DE8E23BF687800B04423 /* TestInfo.swift */,
				DAF2E82223C0C4EE0029EB87 /* TestPhases.swift */,
				DA05ACDD23BE1F8D00B888E9 /* TestPosition.swift */,
				DA00DE9223BF79D600B04423 /* TestTimes.swift */,
			);
			path = Tests;
			sourceTree = "<group>";
		};
		DACB8ECF23BB7C2B00ADBCB2 /* Source */ = {
			isa = PBXGroup;
			children = (
				DA00DE9023BF698600B04423 /* Info.swift */,
				DACB8ED023BB7C2B00ADBCB2 /* Moonraker.swift */,
				DAEAD2F323BCAE470053EBEA /* Phase.swift */,
				DA00DE9423BF7CBE00B04423 /* Times.swift */,
			);
			path = Source;
			sourceTree = "<group>";
		};
		DACB8ED423BB7C3F00ADBCB2 /* Mac */ = {
			isa = PBXGroup;
			children = (
				DACB8ED523BB7C3F00ADBCB2 /* MacApp.entitlements */,
				DACB8ED823BB7C3F00ADBCB2 /* Info.plist */,
				DA10C57223C2009B005FD07E /* About.swift */,
				DACB8ED723BB7C3F00ADBCB2 /* App.swift */,
				DAF0BF7723C214BE0035F416 /* Graph.swift */,
				DA077C2523BDF81100682BFE /* Horizon.swift */,
				DA10C57423C203EC005FD07E /* Image.swift */,
				DAF2E81C23C09E440029EB87 /* Label.swift */,
				DAF2E82423C0E4430029EB87 /* Menu.swift */,
				DA8E683A23C23A2F00BE172B /* Pop.swift */,
				DAE70A8D23C4760A0045FC2F /* Stat.swift */,
				DA00DE9623BF90F900B04423 /* Stats.swift */,
				DAE156AB23C33BD90050CB02 /* Wheel.swift */,
				DACB8ED623BB7C3F00ADBCB2 /* Window.swift */,
				DABA74F723C0F7FC00DCD08C /* Images.xcassets */,
			);
			path = Mac;
			sourceTree = "<group>";
		};
		DACB8EE623BB843500ADBCB2 /* Frameworks */ = {
			isa = PBXGroup;
			children = (
			);
			name = Frameworks;
			sourceTree = "<group>";
		};
/* End PBXGroup section */

/* Begin PBXHeadersBuildPhase section */
		DACB8E9923BB782000ADBCB2 /* Headers */ = {
			isa = PBXHeadersBuildPhase;
			buildActionMask = 2147483647;
			files = (
			);
			runOnlyForDeploymentPostprocessing = 0;
		};
/* End PBXHeadersBuildPhase section */

/* Begin PBXNativeTarget section */
		DA432EEE23C9DEE5009202D1 /* Watch */ = {
			isa = PBXNativeTarget;
			buildConfigurationList = DA432EF523C9DEE5009202D1 /* Build configuration list for PBXNativeTarget "Watch" */;
			buildPhases = (
				DA432EEB23C9DEE5009202D1 /* Sources */,
				DA432EEC23C9DEE5009202D1 /* Frameworks */,
				DA432EED23C9DEE5009202D1 /* CopyFiles */,
			);
			buildRules = (
			);
			dependencies = (
			);
			name = Watch;
			productName = Watch;
			productReference = DA432EEF23C9DEE5009202D1 /* libMoonraker.a */;
			productType = "com.apple.product-type.library.static";
		};
		DA432EF723C9DEF4009202D1 /* WatchWrapper */ = {
			isa = PBXNativeTarget;
			buildConfigurationList = DA432F2523C9DEF7009202D1 /* Build configuration list for PBXNativeTarget "WatchWrapper" */;
			buildPhases = (
				DA432EF623C9DEF4009202D1 /* Resources */,
				DA432F2423C9DEF7009202D1 /* Embed Watch Content */,
			);
			buildRules = (
			);
			dependencies = (
				DA432F3823C9E514009202D1 /* PBXTargetDependency */,
			);
			name = WatchWrapper;
			productName = WatchApp;
			productReference = DA432EF823C9DEF4009202D1 /* MoonrakerWrapper.app */;
			productType = "com.apple.product-type.application.watchapp2-container";
		};
		DA432EFA23C9DEF4009202D1 /* WatchApp */ = {
			isa = PBXNativeTarget;
			buildConfigurationList = DA432F2123C9DEF7009202D1 /* Build configuration list for PBXNativeTarget "WatchApp" */;
			buildPhases = (
				DA432EF923C9DEF4009202D1 /* Resources */,
				DA432F2023C9DEF7009202D1 /* Embed App Extensions */,
			);
			buildRules = (
			);
			dependencies = (
				DA432F3523C9E4F5009202D1 /* PBXTargetDependency */,
			);
			name = WatchApp;
			productName = "WatchApp WatchKit App";
			productReference = DA432EFB23C9DEF4009202D1 /* Moonraker.app */;
			productType = "com.apple.product-type.application.watchapp2";
		};
		DA432F0923C9DEF6009202D1 /* WatchExtension */ = {
			isa = PBXNativeTarget;
			buildConfigurationList = DA432F1D23C9DEF7009202D1 /* Build configuration list for PBXNativeTarget "WatchExtension" */;
			buildPhases = (
				DA432F0623C9DEF6009202D1 /* Sources */,
				DA432F0723C9DEF6009202D1 /* Frameworks */,
				DA432F0823C9DEF6009202D1 /* Resources */,
			);
			buildRules = (
			);
			dependencies = (
				DA432F3223C9E4B8009202D1 /* PBXTargetDependency */,
			);
			name = WatchExtension;
			productName = "WatchApp WatchKit Extension";
			productReference = DA432F0A23C9DEF6009202D1 /* Moonraker.appex */;
			productType = "com.apple.product-type.watchkit2-extension";
		};
		DAA7AF5323C5CFAA00B829D7 /* iOSApp */ = {
			isa = PBXNativeTarget;
			buildConfigurationList = DAA7AF6723C5CFAD00B829D7 /* Build configuration list for PBXNativeTarget "iOSApp" */;
			buildPhases = (
				DAA7AF5023C5CFAA00B829D7 /* Sources */,
				DAA7AF5123C5CFAA00B829D7 /* Frameworks */,
				DAA7AF5223C5CFAA00B829D7 /* Resources */,
			);
			buildRules = (
			);
			dependencies = (
				DAA7AF8C23C5D27D00B829D7 /* PBXTargetDependency */,
			);
			name = iOSApp;
			productName = iOSApp;
			productReference = DAA7AF5423C5CFAA00B829D7 /* Moonraker.app */;
			productType = "com.apple.product-type.application";
		};
		DAA7AF7E23C5D12F00B829D7 /* iOS */ = {
			isa = PBXNativeTarget;
			buildConfigurationList = DAA7AF8323C5D12F00B829D7 /* Build configuration list for PBXNativeTarget "iOS" */;
			buildPhases = (
				DAA7AF7B23C5D12F00B829D7 /* Sources */,
				DAA7AF7C23C5D12F00B829D7 /* Frameworks */,
				DAA7AF7D23C5D12F00B829D7 /* CopyFiles */,
			);
			buildRules = (
			);
			dependencies = (
			);
			name = iOS;
			productName = iOS;
			productReference = DAA7AF7F23C5D12F00B829D7 /* libMoonraker.a */;
			productType = "com.apple.product-type.library.static";
		};
		DACB8E9C23BB782000ADBCB2 /* Mac */ = {
			isa = PBXNativeTarget;
			buildConfigurationList = DACB8EA423BB782000ADBCB2 /* Build configuration list for PBXNativeTarget "Mac" */;
			buildPhases = (
				DACB8E9923BB782000ADBCB2 /* Headers */,
				DACB8E9A23BB782000ADBCB2 /* Sources */,
				DACB8E9B23BB782000ADBCB2 /* Frameworks */,
			);
			buildRules = (
			);
			dependencies = (
			);
			name = Mac;
			productName = Mac;
			productReference = DACB8EE423BB7DDD00ADBCB2 /* libMoonraker.a */;
			productType = "com.apple.product-type.library.static";
		};
		DACB8EAA23BB783D00ADBCB2 /* Tests */ = {
			isa = PBXNativeTarget;
			buildConfigurationList = DACB8EB323BB783D00ADBCB2 /* Build configuration list for PBXNativeTarget "Tests" */;
			buildPhases = (
				DACB8EA723BB783D00ADBCB2 /* Sources */,
				DACB8EA823BB783D00ADBCB2 /* Frameworks */,
				DACB8EA923BB783D00ADBCB2 /* Resources */,
			);
			buildRules = (
			);
			dependencies = (
				DACB8EEC23BB844900ADBCB2 /* PBXTargetDependency */,
			);
			name = Tests;
			productName = Tests;
			productReference = DACB8ED223BB7C2B00ADBCB2 /* Tests.xctest */;
			productType = "com.apple.product-type.bundle.unit-test";
		};
		DACB8EB923BB786E00ADBCB2 /* MacApp */ = {
			isa = PBXNativeTarget;
			buildConfigurationList = DACB8EC723BB787100ADBCB2 /* Build configuration list for PBXNativeTarget "MacApp" */;
			buildPhases = (
				DACB8EB623BB786E00ADBCB2 /* Sources */,
				DACB8EB723BB786E00ADBCB2 /* Frameworks */,
				DACB8EB823BB786E00ADBCB2 /* Resources */,
			);
			buildRules = (
			);
			dependencies = (
				DACB8EE923BB843500ADBCB2 /* PBXTargetDependency */,
			);
			name = MacApp;
			productName = MacApp;
			productReference = DACB8EE523BB7E2D00ADBCB2 /* Moonraker.app */;
			productType = "com.apple.product-type.application";
		};
/* End PBXNativeTarget section */

/* Begin PBXProject section */
		DACB8E9323BB766000ADBCB2 /* Project object */ = {
			isa = PBXProject;
			attributes = {
				LastSwiftUpdateCheck = 1130;
				LastUpgradeCheck = 1130;
				TargetAttributes = {
					DA432EEE23C9DEE5009202D1 = {
						CreatedOnToolsVersion = 11.3;
					};
					DA432EF723C9DEF4009202D1 = {
						CreatedOnToolsVersion = 11.3;
					};
					DA432EFA23C9DEF4009202D1 = {
						CreatedOnToolsVersion = 11.3;
					};
					DA432F0923C9DEF6009202D1 = {
						CreatedOnToolsVersion = 11.3;
					};
					DAA7AF5323C5CFAA00B829D7 = {
						CreatedOnToolsVersion = 11.3;
					};
					DAA7AF7E23C5D12F00B829D7 = {
						CreatedOnToolsVersion = 11.3;
					};
					DACB8E9C23BB782000ADBCB2 = {
						CreatedOnToolsVersion = 11.3;
					};
					DACB8EAA23BB783D00ADBCB2 = {
						CreatedOnToolsVersion = 11.3;
					};
					DACB8EB923BB786E00ADBCB2 = {
						CreatedOnToolsVersion = 11.3;
					};
				};
			};
			buildConfigurationList = DACB8E9623BB766000ADBCB2 /* Build configuration list for PBXProject "Moonraker" */;
			compatibilityVersion = "Xcode 9.3";
			developmentRegion = en;
			hasScannedForEncodings = 0;
			knownRegions = (
				en,
				Base,
			);
			mainGroup = DACB8E9223BB766000ADBCB2;
			productRefGroup = DACB8E9223BB766000ADBCB2;
			projectDirPath = "";
			projectRoot = "";
			targets = (
				DACB8EAA23BB783D00ADBCB2 /* Tests */,
				DACB8E9C23BB782000ADBCB2 /* Mac */,
				DAA7AF7E23C5D12F00B829D7 /* iOS */,
				DA432EEE23C9DEE5009202D1 /* Watch */,
				DACB8EB923BB786E00ADBCB2 /* MacApp */,
				DAA7AF5323C5CFAA00B829D7 /* iOSApp */,
				DA432EF723C9DEF4009202D1 /* WatchWrapper */,
				DA432EFA23C9DEF4009202D1 /* WatchApp */,
				DA432F0923C9DEF6009202D1 /* WatchExtension */,
			);
		};
/* End PBXProject section */

/* Begin PBXResourcesBuildPhase section */
		DA432EF623C9DEF4009202D1 /* Resources */ = {
			isa = PBXResourcesBuildPhase;
			buildActionMask = 2147483647;
			files = (
			);
			runOnlyForDeploymentPostprocessing = 0;
		};
		DA432EF923C9DEF4009202D1 /* Resources */ = {
			isa = PBXResourcesBuildPhase;
			buildActionMask = 2147483647;
			files = (
				DA432F2923C9E06E009202D1 /* Interface.storyboard in Resources */,
				DA432F0423C9DEF6009202D1 /* Images.xcassets in Resources */,
			);
			runOnlyForDeploymentPostprocessing = 0;
		};
		DA432F0823C9DEF6009202D1 /* Resources */ = {
			isa = PBXResourcesBuildPhase;
			buildActionMask = 2147483647;
			files = (
				DA432F1823C9DEF7009202D1 /* Complication.xcassets in Resources */,
				DA432F2F23C9E472009202D1 /* Assets.xcassets in Resources */,
				DA432F2E23C9E46E009202D1 /* Localizable.strings in Resources */,
			);
			runOnlyForDeploymentPostprocessing = 0;
		};
		DAA7AF5223C5CFAA00B829D7 /* Resources */ = {
			isa = PBXResourcesBuildPhase;
			buildActionMask = 2147483647;
			files = (
				DAA7AF6B23C5D07900B829D7 /* Localizable.strings in Resources */,
				DAA7AF6023C5CFAD00B829D7 /* Images.xcassets in Resources */,
				DA2BC40823C769AD00B52F12 /* Rubik-Bold.ttf in Resources */,
				DA2BC40423C769AD00B52F12 /* Rubik-Light.ttf in Resources */,
				DAA7AF7A23C5D0E400B829D7 /* LaunchScreen.storyboard in Resources */,
				DA2BC40623C769AD00B52F12 /* Rubik-Medium.ttf in Resources */,
				DA83879623C5E0AA008D018F /* Assets.xcassets in Resources */,
				DA2BC40223C769AD00B52F12 /* Rubik-Regular.ttf in Resources */,
			);
			runOnlyForDeploymentPostprocessing = 0;
		};
		DACB8EA923BB783D00ADBCB2 /* Resources */ = {
			isa = PBXResourcesBuildPhase;
			buildActionMask = 2147483647;
			files = (
			);
			runOnlyForDeploymentPostprocessing = 0;
		};
		DACB8EB823BB786E00ADBCB2 /* Resources */ = {
			isa = PBXResourcesBuildPhase;
			buildActionMask = 2147483647;
			files = (
				DABA74F823C0F7FC00DCD08C /* Images.xcassets in Resources */,
				DA2BC40123C769AD00B52F12 /* Rubik-Regular.ttf in Resources */,
				DA2BC40323C769AD00B52F12 /* Rubik-Light.ttf in Resources */,
				DA2BC40723C769AD00B52F12 /* Rubik-Bold.ttf in Resources */,
				DAA7AF6A23C5D07900B829D7 /* Localizable.strings in Resources */,
				DA86B41B23BDE11700F448B2 /* Assets.xcassets in Resources */,
				DA2BC40523C769AD00B52F12 /* Rubik-Medium.ttf in Resources */,
			);
			runOnlyForDeploymentPostprocessing = 0;
		};
/* End PBXResourcesBuildPhase section */

/* Begin PBXSourcesBuildPhase section */
		DA432EEB23C9DEE5009202D1 /* Sources */ = {
			isa = PBXSourcesBuildPhase;
			buildActionMask = 2147483647;
			files = (
				DA432F2D23C9E09F009202D1 /* Times.swift in Sources */,
				DA432F2B23C9E09F009202D1 /* Moonraker.swift in Sources */,
				DA432F2A23C9E09F009202D1 /* Info.swift in Sources */,
				DA432F2C23C9E09F009202D1 /* Phase.swift in Sources */,
			);
			runOnlyForDeploymentPostprocessing = 0;
		};
		DA432F0623C9DEF6009202D1 /* Sources */ = {
			isa = PBXSourcesBuildPhase;
			buildActionMask = 2147483647;
			files = (
				DA0F09F723CC63F50070C7E0 /* Times.swift in Sources */,
				DA432F1623C9DEF6009202D1 /* Complication.swift in Sources */,
				DA7911C823C9E67A00CBBAF9 /* App.swift in Sources */,
				DAF43A5E23CC857E006D61A7 /* String.swift in Sources */,
				DA0F09F923CC6AB50070C7E0 /* Dates.swift in Sources */,
				DAF43A5D23CC6EE2006D61A7 /* TimesModel.swift in Sources */,
				DAF43A5B23CC6E69006D61A7 /* DatesModel.swift in Sources */,
				DA7911CA23C9E71400CBBAF9 /* Main.swift in Sources */,
				DA7911CC23CA0B5100CBBAF9 /* MainModel.swift in Sources */,
				DA87F70123CDB29A009E3436 /* Image.swift in Sources */,
			);
			runOnlyForDeploymentPostprocessing = 0;
		};
		DAA7AF5023C5CFAA00B829D7 /* Sources */ = {
			isa = PBXSourcesBuildPhase;
			buildActionMask = 2147483647;
			files = (
				DA2BC40B23C786E200B52F12 /* Disk.swift in Sources */,
				DA46C02523C86AF3003D19B0 /* Stats.swift in Sources */,
				DA2BC40D23C790DD00B52F12 /* Graph.swift in Sources */,
				DA46C02723C879E1003D19B0 /* Button.swift in Sources */,
				DAABA69723C5FE6A002BD579 /* Wheel.swift in Sources */,
				DA46C02A23C8A2CF003D19B0 /* Equalizer.swift in Sources */,
				DA83879323C5E066008D018F /* Font.swift in Sources */,
				DA83879C23C5E283008D018F /* Moon.swift in Sources */,
				DAA7AF5723C5CFAA00B829D7 /* App.swift in Sources */,
				DAABA69B23C5FEC0002BD579 /* Label.swift in Sources */,
				DAABA69523C5FE47002BD579 /* Drag.swift in Sources */,
				DA83879823C5E1A8008D018F /* View.swift in Sources */,
				DA83879523C5E072008D018F /* String.swift in Sources */,
				DA83879423C5E06E008D018F /* Color.swift in Sources */,
				DA46C02323C86AB8003D19B0 /* Stat.swift in Sources */,
				DA83879A23C5E1F7008D018F /* Horizon.swift in Sources */,
				DAABA69923C5FEAE002BD579 /* Image.swift in Sources */,
			);
			runOnlyForDeploymentPostprocessing = 0;
		};
		DAA7AF7B23C5D12F00B829D7 /* Sources */ = {
			isa = PBXSourcesBuildPhase;
			buildActionMask = 2147483647;
			files = (
				DAA7AF8923C5D15800B829D7 /* Times.swift in Sources */,
				DAA7AF8723C5D15800B829D7 /* Moonraker.swift in Sources */,
				DAA7AF8623C5D15800B829D7 /* Info.swift in Sources */,
				DAA7AF8823C5D15800B829D7 /* Phase.swift in Sources */,
			);
			runOnlyForDeploymentPostprocessing = 0;
		};
		DACB8E9A23BB782000ADBCB2 /* Sources */ = {
			isa = PBXSourcesBuildPhase;
			buildActionMask = 2147483647;
			files = (
				DA00DE9123BF698600B04423 /* Info.swift in Sources */,
				DACB8ED123BB7C2B00ADBCB2 /* Moonraker.swift in Sources */,
				DA00DE9523BF7CBE00B04423 /* Times.swift in Sources */,
				DAEAD2F423BCAE470053EBEA /* Phase.swift in Sources */,
			);
			runOnlyForDeploymentPostprocessing = 0;
		};
		DACB8EA723BB783D00ADBCB2 /* Sources */ = {
			isa = PBXSourcesBuildPhase;
			buildActionMask = 2147483647;
			files = (
				DA00DE9323BF79D600B04423 /* TestTimes.swift in Sources */,
				DA05ACDE23BE1F8D00B888E9 /* TestPosition.swift in Sources */,
				DA00DE8F23BF687800B04423 /* TestInfo.swift in Sources */,
				DAEAD2F223BC8FC10053EBEA /* TestIllumination.swift in Sources */,
				DAF2E82323C0C4EE0029EB87 /* TestPhases.swift in Sources */,
			);
			runOnlyForDeploymentPostprocessing = 0;
		};
		DACB8EB623BB786E00ADBCB2 /* Sources */ = {
			isa = PBXSourcesBuildPhase;
			buildActionMask = 2147483647;
			files = (
				DACB8EDD23BB7C4000ADBCB2 /* Window.swift in Sources */,
				DAE70A8E23C4760A0045FC2F /* Stat.swift in Sources */,
				DAF0BF7823C214BE0035F416 /* Graph.swift in Sources */,
				DA10C57523C203EC005FD07E /* Image.swift in Sources */,
				DAE156AC23C33BD90050CB02 /* Wheel.swift in Sources */,
				DA00DE9723BF90F900B04423 /* Stats.swift in Sources */,
				DA2BC40A23C786E200B52F12 /* Disk.swift in Sources */,
				DA10C57323C2009B005FD07E /* About.swift in Sources */,
				DA077C2623BDF81100682BFE /* Horizon.swift in Sources */,
				DA86B41E23BDE16400F448B2 /* Color.swift in Sources */,
				DAF2E82523C0E4430029EB87 /* Menu.swift in Sources */,
				DA5831A223BB8A8C00AD5BBB /* Moon.swift in Sources */,
				DAF2E82123C0A1A80029EB87 /* Font.swift in Sources */,
				DAF2E81D23C09E440029EB87 /* Label.swift in Sources */,
				DAABA69423C5FE47002BD579 /* Drag.swift in Sources */,
				DAF2E81F23C0A1200029EB87 /* String.swift in Sources */,
				DA46C02923C8A2CF003D19B0 /* Equalizer.swift in Sources */,
				DACB8EDE23BB7C4000ADBCB2 /* App.swift in Sources */,
				DA8E683B23C23A2F00BE172B /* Pop.swift in Sources */,
			);
			runOnlyForDeploymentPostprocessing = 0;
		};
/* End PBXSourcesBuildPhase section */

/* Begin PBXTargetDependency section */
		DA432F3223C9E4B8009202D1 /* PBXTargetDependency */ = {
			isa = PBXTargetDependency;
			target = DA432EEE23C9DEE5009202D1 /* Watch */;
			targetProxy = DA432F3123C9E4B8009202D1 /* PBXContainerItemProxy */;
		};
		DA432F3523C9E4F5009202D1 /* PBXTargetDependency */ = {
			isa = PBXTargetDependency;
			target = DA432F0923C9DEF6009202D1 /* WatchExtension */;
			targetProxy = DA432F3423C9E4F5009202D1 /* PBXContainerItemProxy */;
		};
		DA432F3823C9E514009202D1 /* PBXTargetDependency */ = {
			isa = PBXTargetDependency;
			target = DA432EFA23C9DEF4009202D1 /* WatchApp */;
			targetProxy = DA432F3723C9E514009202D1 /* PBXContainerItemProxy */;
		};
		DAA7AF8C23C5D27D00B829D7 /* PBXTargetDependency */ = {
			isa = PBXTargetDependency;
			target = DAA7AF7E23C5D12F00B829D7 /* iOS */;
			targetProxy = DAA7AF8B23C5D27D00B829D7 /* PBXContainerItemProxy */;
		};
		DACB8EE923BB843500ADBCB2 /* PBXTargetDependency */ = {
			isa = PBXTargetDependency;
			target = DACB8E9C23BB782000ADBCB2 /* Mac */;
			targetProxy = DACB8EE823BB843500ADBCB2 /* PBXContainerItemProxy */;
		};
		DACB8EEC23BB844900ADBCB2 /* PBXTargetDependency */ = {
			isa = PBXTargetDependency;
			target = DACB8E9C23BB782000ADBCB2 /* Mac */;
			targetProxy = DACB8EEB23BB844900ADBCB2 /* PBXContainerItemProxy */;
		};
/* End PBXTargetDependency section */

/* Begin PBXVariantGroup section */
		DAA7AF6823C5D07900B829D7 /* Localizable.strings */ = {
			isa = PBXVariantGroup;
			children = (
				DAA7AF6923C5D07900B829D7 /* Base */,
			);
			name = Localizable.strings;
			sourceTree = "<group>";
		};
/* End PBXVariantGroup section */

/* Begin XCBuildConfiguration section */
		DA432EF323C9DEE5009202D1 /* Debug */ = {
			isa = XCBuildConfiguration;
			buildSettings = {
				ALWAYS_SEARCH_USER_PATHS = NO;
				CLANG_ANALYZER_NONNULL = YES;
				CLANG_ANALYZER_NUMBER_OBJECT_CONVERSION = YES_AGGRESSIVE;
				CLANG_CXX_LANGUAGE_STANDARD = "gnu++14";
				CLANG_CXX_LIBRARY = "libc++";
				CLANG_ENABLE_OBJC_ARC = YES;
				CLANG_ENABLE_OBJC_WEAK = YES;
				CLANG_WARN_BLOCK_CAPTURE_AUTORELEASING = YES;
				CLANG_WARN_BOOL_CONVERSION = YES;
				CLANG_WARN_COMMA = YES;
				CLANG_WARN_CONSTANT_CONVERSION = YES;
				CLANG_WARN_DEPRECATED_OBJC_IMPLEMENTATIONS = YES;
				CLANG_WARN_DIRECT_OBJC_ISA_USAGE = YES_ERROR;
				CLANG_WARN_DOCUMENTATION_COMMENTS = YES;
				CLANG_WARN_EMPTY_BODY = YES;
				CLANG_WARN_ENUM_CONVERSION = YES;
				CLANG_WARN_INFINITE_RECURSION = YES;
				CLANG_WARN_INT_CONVERSION = YES;
				CLANG_WARN_NON_LITERAL_NULL_CONVERSION = YES;
				CLANG_WARN_OBJC_IMPLICIT_RETAIN_SELF = YES;
				CLANG_WARN_OBJC_LITERAL_CONVERSION = YES;
				CLANG_WARN_OBJC_ROOT_CLASS = YES_ERROR;
				CLANG_WARN_RANGE_LOOP_ANALYSIS = YES;
				CLANG_WARN_STRICT_PROTOTYPES = YES;
				CLANG_WARN_SUSPICIOUS_MOVE = YES;
				CLANG_WARN_UNGUARDED_AVAILABILITY = YES_AGGRESSIVE;
				CLANG_WARN_UNREACHABLE_CODE = YES;
				CLANG_WARN__DUPLICATE_METHOD_MATCH = YES;
				CODE_SIGN_STYLE = Automatic;
				COPY_PHASE_STRIP = NO;
				DEVELOPMENT_TEAM = 7AMWG3RLHN;
				ENABLE_STRICT_OBJC_MSGSEND = YES;
				ENABLE_TESTABILITY = YES;
				GCC_C_LANGUAGE_STANDARD = gnu11;
				GCC_DYNAMIC_NO_PIC = NO;
				GCC_NO_COMMON_BLOCKS = YES;
				GCC_PREPROCESSOR_DEFINITIONS = (
					"DEBUG=1",
					"$(inherited)",
				);
				GCC_WARN_64_TO_32_BIT_CONVERSION = YES;
				GCC_WARN_ABOUT_RETURN_TYPE = YES_ERROR;
				GCC_WARN_UNDECLARED_SELECTOR = YES;
				GCC_WARN_UNINITIALIZED_AUTOS = YES_AGGRESSIVE;
				GCC_WARN_UNUSED_FUNCTION = YES;
				GCC_WARN_UNUSED_VARIABLE = YES;
				MTL_ENABLE_DEBUG_INFO = INCLUDE_SOURCE;
				MTL_FAST_MATH = YES;
				ONLY_ACTIVE_ARCH = YES;
				OTHER_LDFLAGS = "-ObjC";
				SDKROOT = watchos;
				SKIP_INSTALL = YES;
				SWIFT_ACTIVE_COMPILATION_CONDITIONS = DEBUG;
				TARGETED_DEVICE_FAMILY = 4;
			};
			name = Debug;
		};
		DA432EF423C9DEE5009202D1 /* Release */ = {
			isa = XCBuildConfiguration;
			buildSettings = {
				ALWAYS_SEARCH_USER_PATHS = NO;
				CLANG_ANALYZER_NONNULL = YES;
				CLANG_ANALYZER_NUMBER_OBJECT_CONVERSION = YES_AGGRESSIVE;
				CLANG_CXX_LANGUAGE_STANDARD = "gnu++14";
				CLANG_CXX_LIBRARY = "libc++";
				CLANG_ENABLE_OBJC_ARC = YES;
				CLANG_ENABLE_OBJC_WEAK = YES;
				CLANG_WARN_BLOCK_CAPTURE_AUTORELEASING = YES;
				CLANG_WARN_BOOL_CONVERSION = YES;
				CLANG_WARN_COMMA = YES;
				CLANG_WARN_CONSTANT_CONVERSION = YES;
				CLANG_WARN_DEPRECATED_OBJC_IMPLEMENTATIONS = YES;
				CLANG_WARN_DIRECT_OBJC_ISA_USAGE = YES_ERROR;
				CLANG_WARN_DOCUMENTATION_COMMENTS = YES;
				CLANG_WARN_EMPTY_BODY = YES;
				CLANG_WARN_ENUM_CONVERSION = YES;
				CLANG_WARN_INFINITE_RECURSION = YES;
				CLANG_WARN_INT_CONVERSION = YES;
				CLANG_WARN_NON_LITERAL_NULL_CONVERSION = YES;
				CLANG_WARN_OBJC_IMPLICIT_RETAIN_SELF = YES;
				CLANG_WARN_OBJC_LITERAL_CONVERSION = YES;
				CLANG_WARN_OBJC_ROOT_CLASS = YES_ERROR;
				CLANG_WARN_RANGE_LOOP_ANALYSIS = YES;
				CLANG_WARN_STRICT_PROTOTYPES = YES;
				CLANG_WARN_SUSPICIOUS_MOVE = YES;
				CLANG_WARN_UNGUARDED_AVAILABILITY = YES_AGGRESSIVE;
				CLANG_WARN_UNREACHABLE_CODE = YES;
				CLANG_WARN__DUPLICATE_METHOD_MATCH = YES;
				CODE_SIGN_STYLE = Automatic;
				COPY_PHASE_STRIP = NO;
				DEVELOPMENT_TEAM = 7AMWG3RLHN;
				ENABLE_NS_ASSERTIONS = NO;
				ENABLE_STRICT_OBJC_MSGSEND = YES;
				GCC_C_LANGUAGE_STANDARD = gnu11;
				GCC_NO_COMMON_BLOCKS = YES;
				GCC_WARN_64_TO_32_BIT_CONVERSION = YES;
				GCC_WARN_ABOUT_RETURN_TYPE = YES_ERROR;
				GCC_WARN_UNDECLARED_SELECTOR = YES;
				GCC_WARN_UNINITIALIZED_AUTOS = YES_AGGRESSIVE;
				GCC_WARN_UNUSED_FUNCTION = YES;
				GCC_WARN_UNUSED_VARIABLE = YES;
				MTL_ENABLE_DEBUG_INFO = NO;
				MTL_FAST_MATH = YES;
				OTHER_LDFLAGS = "-ObjC";
				SDKROOT = watchos;
				SKIP_INSTALL = YES;
				TARGETED_DEVICE_FAMILY = 4;
				VALIDATE_PRODUCT = YES;
			};
			name = Release;
		};
		DA432F1E23C9DEF7009202D1 /* Debug */ = {
			isa = XCBuildConfiguration;
			buildSettings = {
				ALWAYS_SEARCH_USER_PATHS = NO;
				ASSETCATALOG_COMPILER_COMPLICATION_NAME = Complication;
				CLANG_ANALYZER_NONNULL = YES;
				CLANG_ANALYZER_NUMBER_OBJECT_CONVERSION = YES_AGGRESSIVE;
				CLANG_CXX_LANGUAGE_STANDARD = "gnu++14";
				CLANG_CXX_LIBRARY = "libc++";
				CLANG_ENABLE_OBJC_ARC = YES;
				CLANG_ENABLE_OBJC_WEAK = YES;
				CLANG_WARN_BLOCK_CAPTURE_AUTORELEASING = YES;
				CLANG_WARN_BOOL_CONVERSION = YES;
				CLANG_WARN_COMMA = YES;
				CLANG_WARN_CONSTANT_CONVERSION = YES;
				CLANG_WARN_DEPRECATED_OBJC_IMPLEMENTATIONS = YES;
				CLANG_WARN_DIRECT_OBJC_ISA_USAGE = YES_ERROR;
				CLANG_WARN_DOCUMENTATION_COMMENTS = YES;
				CLANG_WARN_EMPTY_BODY = YES;
				CLANG_WARN_ENUM_CONVERSION = YES;
				CLANG_WARN_INFINITE_RECURSION = YES;
				CLANG_WARN_INT_CONVERSION = YES;
				CLANG_WARN_NON_LITERAL_NULL_CONVERSION = YES;
				CLANG_WARN_OBJC_IMPLICIT_RETAIN_SELF = YES;
				CLANG_WARN_OBJC_LITERAL_CONVERSION = YES;
				CLANG_WARN_OBJC_ROOT_CLASS = YES_ERROR;
				CLANG_WARN_RANGE_LOOP_ANALYSIS = YES;
				CLANG_WARN_STRICT_PROTOTYPES = YES;
				CLANG_WARN_SUSPICIOUS_MOVE = YES;
				CLANG_WARN_UNGUARDED_AVAILABILITY = YES_AGGRESSIVE;
				CLANG_WARN_UNREACHABLE_CODE = YES;
				CLANG_WARN__DUPLICATE_METHOD_MATCH = YES;
				CODE_SIGN_STYLE = Automatic;
				COPY_PHASE_STRIP = NO;
				DEVELOPMENT_TEAM = 7AMWG3RLHN;
				ENABLE_STRICT_OBJC_MSGSEND = YES;
				ENABLE_TESTABILITY = YES;
				GCC_C_LANGUAGE_STANDARD = gnu11;
				GCC_DYNAMIC_NO_PIC = NO;
				GCC_NO_COMMON_BLOCKS = YES;
				GCC_PREPROCESSOR_DEFINITIONS = (
					"DEBUG=1",
					"$(inherited)",
				);
				GCC_WARN_64_TO_32_BIT_CONVERSION = YES;
				GCC_WARN_ABOUT_RETURN_TYPE = YES_ERROR;
				GCC_WARN_UNDECLARED_SELECTOR = YES;
				GCC_WARN_UNINITIALIZED_AUTOS = YES_AGGRESSIVE;
				GCC_WARN_UNUSED_FUNCTION = YES;
				GCC_WARN_UNUSED_VARIABLE = YES;
				INFOPLIST_FILE = Watch/WatchExtension.plist;
				LD_RUNPATH_SEARCH_PATHS = (
					"$(inherited)",
					"@executable_path/Frameworks",
					"@executable_path/../../Frameworks",
				);
				MTL_ENABLE_DEBUG_INFO = INCLUDE_SOURCE;
				MTL_FAST_MATH = YES;
				ONLY_ACTIVE_ARCH = YES;
				PRODUCT_BUNDLE_IDENTIFIER = Moonraker.Watch.extension;
				PRODUCT_MODULE_NAME = "$(PRODUCT_NAME:c99extidentifier)WatchExtension";
				SDKROOT = watchos;
				SKIP_INSTALL = YES;
				SWIFT_ACTIVE_COMPILATION_CONDITIONS = DEBUG;
				TARGETED_DEVICE_FAMILY = 4;
				WATCHOS_DEPLOYMENT_TARGET = 6.1;
			};
			name = Debug;
		};
		DA432F1F23C9DEF7009202D1 /* Release */ = {
			isa = XCBuildConfiguration;
			buildSettings = {
				ALWAYS_SEARCH_USER_PATHS = NO;
				ASSETCATALOG_COMPILER_COMPLICATION_NAME = Complication;
				CLANG_ANALYZER_NONNULL = YES;
				CLANG_ANALYZER_NUMBER_OBJECT_CONVERSION = YES_AGGRESSIVE;
				CLANG_CXX_LANGUAGE_STANDARD = "gnu++14";
				CLANG_CXX_LIBRARY = "libc++";
				CLANG_ENABLE_OBJC_ARC = YES;
				CLANG_ENABLE_OBJC_WEAK = YES;
				CLANG_WARN_BLOCK_CAPTURE_AUTORELEASING = YES;
				CLANG_WARN_BOOL_CONVERSION = YES;
				CLANG_WARN_COMMA = YES;
				CLANG_WARN_CONSTANT_CONVERSION = YES;
				CLANG_WARN_DEPRECATED_OBJC_IMPLEMENTATIONS = YES;
				CLANG_WARN_DIRECT_OBJC_ISA_USAGE = YES_ERROR;
				CLANG_WARN_DOCUMENTATION_COMMENTS = YES;
				CLANG_WARN_EMPTY_BODY = YES;
				CLANG_WARN_ENUM_CONVERSION = YES;
				CLANG_WARN_INFINITE_RECURSION = YES;
				CLANG_WARN_INT_CONVERSION = YES;
				CLANG_WARN_NON_LITERAL_NULL_CONVERSION = YES;
				CLANG_WARN_OBJC_IMPLICIT_RETAIN_SELF = YES;
				CLANG_WARN_OBJC_LITERAL_CONVERSION = YES;
				CLANG_WARN_OBJC_ROOT_CLASS = YES_ERROR;
				CLANG_WARN_RANGE_LOOP_ANALYSIS = YES;
				CLANG_WARN_STRICT_PROTOTYPES = YES;
				CLANG_WARN_SUSPICIOUS_MOVE = YES;
				CLANG_WARN_UNGUARDED_AVAILABILITY = YES_AGGRESSIVE;
				CLANG_WARN_UNREACHABLE_CODE = YES;
				CLANG_WARN__DUPLICATE_METHOD_MATCH = YES;
				CODE_SIGN_STYLE = Automatic;
				COPY_PHASE_STRIP = NO;
				DEVELOPMENT_TEAM = 7AMWG3RLHN;
				ENABLE_NS_ASSERTIONS = NO;
				ENABLE_STRICT_OBJC_MSGSEND = YES;
				GCC_C_LANGUAGE_STANDARD = gnu11;
				GCC_NO_COMMON_BLOCKS = YES;
				GCC_WARN_64_TO_32_BIT_CONVERSION = YES;
				GCC_WARN_ABOUT_RETURN_TYPE = YES_ERROR;
				GCC_WARN_UNDECLARED_SELECTOR = YES;
				GCC_WARN_UNINITIALIZED_AUTOS = YES_AGGRESSIVE;
				GCC_WARN_UNUSED_FUNCTION = YES;
				GCC_WARN_UNUSED_VARIABLE = YES;
				INFOPLIST_FILE = Watch/WatchExtension.plist;
				LD_RUNPATH_SEARCH_PATHS = (
					"$(inherited)",
					"@executable_path/Frameworks",
					"@executable_path/../../Frameworks",
				);
				MTL_ENABLE_DEBUG_INFO = NO;
				MTL_FAST_MATH = YES;
				PRODUCT_BUNDLE_IDENTIFIER = Moonraker.Watch.extension;
				PRODUCT_MODULE_NAME = "$(PRODUCT_NAME:c99extidentifier)WatchExtension";
				SDKROOT = watchos;
				SKIP_INSTALL = YES;
				TARGETED_DEVICE_FAMILY = 4;
				VALIDATE_PRODUCT = YES;
				WATCHOS_DEPLOYMENT_TARGET = 6.1;
			};
			name = Release;
		};
		DA432F2223C9DEF7009202D1 /* Debug */ = {
			isa = XCBuildConfiguration;
			buildSettings = {
				ALWAYS_SEARCH_USER_PATHS = NO;
				ASSETCATALOG_COMPILER_APPICON_NAME = AppIcon;
				CLANG_ANALYZER_NONNULL = YES;
				CLANG_ANALYZER_NUMBER_OBJECT_CONVERSION = YES_AGGRESSIVE;
				CLANG_CXX_LANGUAGE_STANDARD = "gnu++14";
				CLANG_CXX_LIBRARY = "libc++";
				CLANG_ENABLE_OBJC_ARC = YES;
				CLANG_ENABLE_OBJC_WEAK = YES;
				CLANG_WARN_BLOCK_CAPTURE_AUTORELEASING = YES;
				CLANG_WARN_BOOL_CONVERSION = YES;
				CLANG_WARN_COMMA = YES;
				CLANG_WARN_CONSTANT_CONVERSION = YES;
				CLANG_WARN_DEPRECATED_OBJC_IMPLEMENTATIONS = YES;
				CLANG_WARN_DIRECT_OBJC_ISA_USAGE = YES_ERROR;
				CLANG_WARN_DOCUMENTATION_COMMENTS = YES;
				CLANG_WARN_EMPTY_BODY = YES;
				CLANG_WARN_ENUM_CONVERSION = YES;
				CLANG_WARN_INFINITE_RECURSION = YES;
				CLANG_WARN_INT_CONVERSION = YES;
				CLANG_WARN_NON_LITERAL_NULL_CONVERSION = YES;
				CLANG_WARN_OBJC_IMPLICIT_RETAIN_SELF = YES;
				CLANG_WARN_OBJC_LITERAL_CONVERSION = YES;
				CLANG_WARN_OBJC_ROOT_CLASS = YES_ERROR;
				CLANG_WARN_RANGE_LOOP_ANALYSIS = YES;
				CLANG_WARN_STRICT_PROTOTYPES = YES;
				CLANG_WARN_SUSPICIOUS_MOVE = YES;
				CLANG_WARN_UNGUARDED_AVAILABILITY = YES_AGGRESSIVE;
				CLANG_WARN_UNREACHABLE_CODE = YES;
				CLANG_WARN__DUPLICATE_METHOD_MATCH = YES;
				CODE_SIGN_STYLE = Automatic;
				COPY_PHASE_STRIP = NO;
				DEVELOPMENT_TEAM = 7AMWG3RLHN;
				ENABLE_STRICT_OBJC_MSGSEND = YES;
				ENABLE_TESTABILITY = YES;
				GCC_C_LANGUAGE_STANDARD = gnu11;
				GCC_DYNAMIC_NO_PIC = NO;
				GCC_NO_COMMON_BLOCKS = YES;
				GCC_PREPROCESSOR_DEFINITIONS = (
					"DEBUG=1",
					"$(inherited)",
				);
				GCC_WARN_64_TO_32_BIT_CONVERSION = YES;
				GCC_WARN_ABOUT_RETURN_TYPE = YES_ERROR;
				GCC_WARN_UNDECLARED_SELECTOR = YES;
				GCC_WARN_UNINITIALIZED_AUTOS = YES_AGGRESSIVE;
				GCC_WARN_UNUSED_FUNCTION = YES;
				GCC_WARN_UNUSED_VARIABLE = YES;
				IBSC_MODULE = WatchApp_WatchKit_Extension;
				INFOPLIST_FILE = Watch/Info.plist;
				MTL_ENABLE_DEBUG_INFO = INCLUDE_SOURCE;
				MTL_FAST_MATH = YES;
				ONLY_ACTIVE_ARCH = YES;
				PRODUCT_BUNDLE_IDENTIFIER = Moonraker.Watch;
				PRODUCT_MODULE_NAME = "$(PRODUCT_NAME:c99extidentifier)Watch";
				SDKROOT = watchos;
				SKIP_INSTALL = YES;
				SWIFT_ACTIVE_COMPILATION_CONDITIONS = DEBUG;
				TARGETED_DEVICE_FAMILY = 4;
				WATCHOS_DEPLOYMENT_TARGET = 6.1;
			};
			name = Debug;
		};
		DA432F2323C9DEF7009202D1 /* Release */ = {
			isa = XCBuildConfiguration;
			buildSettings = {
				ALWAYS_SEARCH_USER_PATHS = NO;
				ASSETCATALOG_COMPILER_APPICON_NAME = AppIcon;
				CLANG_ANALYZER_NONNULL = YES;
				CLANG_ANALYZER_NUMBER_OBJECT_CONVERSION = YES_AGGRESSIVE;
				CLANG_CXX_LANGUAGE_STANDARD = "gnu++14";
				CLANG_CXX_LIBRARY = "libc++";
				CLANG_ENABLE_OBJC_ARC = YES;
				CLANG_ENABLE_OBJC_WEAK = YES;
				CLANG_WARN_BLOCK_CAPTURE_AUTORELEASING = YES;
				CLANG_WARN_BOOL_CONVERSION = YES;
				CLANG_WARN_COMMA = YES;
				CLANG_WARN_CONSTANT_CONVERSION = YES;
				CLANG_WARN_DEPRECATED_OBJC_IMPLEMENTATIONS = YES;
				CLANG_WARN_DIRECT_OBJC_ISA_USAGE = YES_ERROR;
				CLANG_WARN_DOCUMENTATION_COMMENTS = YES;
				CLANG_WARN_EMPTY_BODY = YES;
				CLANG_WARN_ENUM_CONVERSION = YES;
				CLANG_WARN_INFINITE_RECURSION = YES;
				CLANG_WARN_INT_CONVERSION = YES;
				CLANG_WARN_NON_LITERAL_NULL_CONVERSION = YES;
				CLANG_WARN_OBJC_IMPLICIT_RETAIN_SELF = YES;
				CLANG_WARN_OBJC_LITERAL_CONVERSION = YES;
				CLANG_WARN_OBJC_ROOT_CLASS = YES_ERROR;
				CLANG_WARN_RANGE_LOOP_ANALYSIS = YES;
				CLANG_WARN_STRICT_PROTOTYPES = YES;
				CLANG_WARN_SUSPICIOUS_MOVE = YES;
				CLANG_WARN_UNGUARDED_AVAILABILITY = YES_AGGRESSIVE;
				CLANG_WARN_UNREACHABLE_CODE = YES;
				CLANG_WARN__DUPLICATE_METHOD_MATCH = YES;
				CODE_SIGN_STYLE = Automatic;
				COPY_PHASE_STRIP = NO;
				DEVELOPMENT_TEAM = 7AMWG3RLHN;
				ENABLE_NS_ASSERTIONS = NO;
				ENABLE_STRICT_OBJC_MSGSEND = YES;
				GCC_C_LANGUAGE_STANDARD = gnu11;
				GCC_NO_COMMON_BLOCKS = YES;
				GCC_WARN_64_TO_32_BIT_CONVERSION = YES;
				GCC_WARN_ABOUT_RETURN_TYPE = YES_ERROR;
				GCC_WARN_UNDECLARED_SELECTOR = YES;
				GCC_WARN_UNINITIALIZED_AUTOS = YES_AGGRESSIVE;
				GCC_WARN_UNUSED_FUNCTION = YES;
				GCC_WARN_UNUSED_VARIABLE = YES;
				IBSC_MODULE = WatchApp_WatchKit_Extension;
				INFOPLIST_FILE = Watch/Info.plist;
				MTL_ENABLE_DEBUG_INFO = NO;
				MTL_FAST_MATH = YES;
				PRODUCT_BUNDLE_IDENTIFIER = Moonraker.Watch;
				PRODUCT_MODULE_NAME = "$(PRODUCT_NAME:c99extidentifier)Watch";
				SDKROOT = watchos;
				SKIP_INSTALL = YES;
				TARGETED_DEVICE_FAMILY = 4;
				VALIDATE_PRODUCT = YES;
				WATCHOS_DEPLOYMENT_TARGET = 6.1;
			};
			name = Release;
		};
		DA432F2623C9DEF7009202D1 /* Debug */ = {
			isa = XCBuildConfiguration;
			buildSettings = {
				ALWAYS_SEARCH_USER_PATHS = NO;
				CLANG_ANALYZER_NONNULL = YES;
				CLANG_ANALYZER_NUMBER_OBJECT_CONVERSION = YES_AGGRESSIVE;
				CLANG_CXX_LANGUAGE_STANDARD = "gnu++14";
				CLANG_CXX_LIBRARY = "libc++";
				CLANG_ENABLE_OBJC_ARC = YES;
				CLANG_ENABLE_OBJC_WEAK = YES;
				CLANG_WARN_BLOCK_CAPTURE_AUTORELEASING = YES;
				CLANG_WARN_BOOL_CONVERSION = YES;
				CLANG_WARN_COMMA = YES;
				CLANG_WARN_CONSTANT_CONVERSION = YES;
				CLANG_WARN_DEPRECATED_OBJC_IMPLEMENTATIONS = YES;
				CLANG_WARN_DIRECT_OBJC_ISA_USAGE = YES_ERROR;
				CLANG_WARN_DOCUMENTATION_COMMENTS = YES;
				CLANG_WARN_EMPTY_BODY = YES;
				CLANG_WARN_ENUM_CONVERSION = YES;
				CLANG_WARN_INFINITE_RECURSION = YES;
				CLANG_WARN_INT_CONVERSION = YES;
				CLANG_WARN_NON_LITERAL_NULL_CONVERSION = YES;
				CLANG_WARN_OBJC_IMPLICIT_RETAIN_SELF = YES;
				CLANG_WARN_OBJC_LITERAL_CONVERSION = YES;
				CLANG_WARN_OBJC_ROOT_CLASS = YES_ERROR;
				CLANG_WARN_RANGE_LOOP_ANALYSIS = YES;
				CLANG_WARN_STRICT_PROTOTYPES = YES;
				CLANG_WARN_SUSPICIOUS_MOVE = YES;
				CLANG_WARN_UNGUARDED_AVAILABILITY = YES_AGGRESSIVE;
				CLANG_WARN_UNREACHABLE_CODE = YES;
				CLANG_WARN__DUPLICATE_METHOD_MATCH = YES;
				CODE_SIGN_STYLE = Automatic;
				COPY_PHASE_STRIP = NO;
				CURRENT_PROJECT_VERSION = 1;
				DEVELOPMENT_TEAM = 7AMWG3RLHN;
				ENABLE_STRICT_OBJC_MSGSEND = YES;
				ENABLE_TESTABILITY = YES;
				GCC_C_LANGUAGE_STANDARD = gnu11;
				GCC_DYNAMIC_NO_PIC = NO;
				GCC_NO_COMMON_BLOCKS = YES;
				GCC_PREPROCESSOR_DEFINITIONS = (
					"DEBUG=1",
					"$(inherited)",
				);
				GCC_WARN_64_TO_32_BIT_CONVERSION = YES;
				GCC_WARN_ABOUT_RETURN_TYPE = YES_ERROR;
				GCC_WARN_UNDECLARED_SELECTOR = YES;
				GCC_WARN_UNINITIALIZED_AUTOS = YES_AGGRESSIVE;
				GCC_WARN_UNUSED_FUNCTION = YES;
				GCC_WARN_UNUSED_VARIABLE = YES;
				MARKETING_VERSION = 1.0;
				MTL_ENABLE_DEBUG_INFO = INCLUDE_SOURCE;
				MTL_FAST_MATH = YES;
				ONLY_ACTIVE_ARCH = YES;
				PRODUCT_BUNDLE_IDENTIFIER = Moonraker;
				PRODUCT_NAME = MoonrakerWrapper;
				SDKROOT = iphoneos;
				SWIFT_ACTIVE_COMPILATION_CONDITIONS = DEBUG;
			};
			name = Debug;
		};
		DA432F2723C9DEF7009202D1 /* Release */ = {
			isa = XCBuildConfiguration;
			buildSettings = {
				ALWAYS_SEARCH_USER_PATHS = NO;
				CLANG_ANALYZER_NONNULL = YES;
				CLANG_ANALYZER_NUMBER_OBJECT_CONVERSION = YES_AGGRESSIVE;
				CLANG_CXX_LANGUAGE_STANDARD = "gnu++14";
				CLANG_CXX_LIBRARY = "libc++";
				CLANG_ENABLE_OBJC_ARC = YES;
				CLANG_ENABLE_OBJC_WEAK = YES;
				CLANG_WARN_BLOCK_CAPTURE_AUTORELEASING = YES;
				CLANG_WARN_BOOL_CONVERSION = YES;
				CLANG_WARN_COMMA = YES;
				CLANG_WARN_CONSTANT_CONVERSION = YES;
				CLANG_WARN_DEPRECATED_OBJC_IMPLEMENTATIONS = YES;
				CLANG_WARN_DIRECT_OBJC_ISA_USAGE = YES_ERROR;
				CLANG_WARN_DOCUMENTATION_COMMENTS = YES;
				CLANG_WARN_EMPTY_BODY = YES;
				CLANG_WARN_ENUM_CONVERSION = YES;
				CLANG_WARN_INFINITE_RECURSION = YES;
				CLANG_WARN_INT_CONVERSION = YES;
				CLANG_WARN_NON_LITERAL_NULL_CONVERSION = YES;
				CLANG_WARN_OBJC_IMPLICIT_RETAIN_SELF = YES;
				CLANG_WARN_OBJC_LITERAL_CONVERSION = YES;
				CLANG_WARN_OBJC_ROOT_CLASS = YES_ERROR;
				CLANG_WARN_RANGE_LOOP_ANALYSIS = YES;
				CLANG_WARN_STRICT_PROTOTYPES = YES;
				CLANG_WARN_SUSPICIOUS_MOVE = YES;
				CLANG_WARN_UNGUARDED_AVAILABILITY = YES_AGGRESSIVE;
				CLANG_WARN_UNREACHABLE_CODE = YES;
				CLANG_WARN__DUPLICATE_METHOD_MATCH = YES;
				CODE_SIGN_STYLE = Automatic;
				COPY_PHASE_STRIP = NO;
				CURRENT_PROJECT_VERSION = 1;
				DEVELOPMENT_TEAM = 7AMWG3RLHN;
				ENABLE_NS_ASSERTIONS = NO;
				ENABLE_STRICT_OBJC_MSGSEND = YES;
				GCC_C_LANGUAGE_STANDARD = gnu11;
				GCC_NO_COMMON_BLOCKS = YES;
				GCC_WARN_64_TO_32_BIT_CONVERSION = YES;
				GCC_WARN_ABOUT_RETURN_TYPE = YES_ERROR;
				GCC_WARN_UNDECLARED_SELECTOR = YES;
				GCC_WARN_UNINITIALIZED_AUTOS = YES_AGGRESSIVE;
				GCC_WARN_UNUSED_FUNCTION = YES;
				GCC_WARN_UNUSED_VARIABLE = YES;
				MARKETING_VERSION = 1.0;
				MTL_ENABLE_DEBUG_INFO = NO;
				MTL_FAST_MATH = YES;
				PRODUCT_BUNDLE_IDENTIFIER = Moonraker;
				PRODUCT_NAME = MoonrakerWrapper;
				SDKROOT = iphoneos;
				VALIDATE_PRODUCT = YES;
			};
			name = Release;
		};
		DAA7AF6523C5CFAD00B829D7 /* Debug */ = {
			isa = XCBuildConfiguration;
			buildSettings = {
				ALWAYS_SEARCH_USER_PATHS = NO;
				ASSETCATALOG_COMPILER_APPICON_NAME = AppIcon;
				CLANG_ANALYZER_NONNULL = YES;
				CLANG_ANALYZER_NUMBER_OBJECT_CONVERSION = YES_AGGRESSIVE;
				CLANG_CXX_LANGUAGE_STANDARD = "gnu++14";
				CLANG_CXX_LIBRARY = "libc++";
				CLANG_ENABLE_OBJC_ARC = YES;
				CLANG_ENABLE_OBJC_WEAK = YES;
				CLANG_WARN_BLOCK_CAPTURE_AUTORELEASING = YES;
				CLANG_WARN_BOOL_CONVERSION = YES;
				CLANG_WARN_COMMA = YES;
				CLANG_WARN_CONSTANT_CONVERSION = YES;
				CLANG_WARN_DEPRECATED_OBJC_IMPLEMENTATIONS = YES;
				CLANG_WARN_DIRECT_OBJC_ISA_USAGE = YES_ERROR;
				CLANG_WARN_DOCUMENTATION_COMMENTS = YES;
				CLANG_WARN_EMPTY_BODY = YES;
				CLANG_WARN_ENUM_CONVERSION = YES;
				CLANG_WARN_INFINITE_RECURSION = YES;
				CLANG_WARN_INT_CONVERSION = YES;
				CLANG_WARN_NON_LITERAL_NULL_CONVERSION = YES;
				CLANG_WARN_OBJC_IMPLICIT_RETAIN_SELF = YES;
				CLANG_WARN_OBJC_LITERAL_CONVERSION = YES;
				CLANG_WARN_OBJC_ROOT_CLASS = YES_ERROR;
				CLANG_WARN_RANGE_LOOP_ANALYSIS = YES;
				CLANG_WARN_STRICT_PROTOTYPES = YES;
				CLANG_WARN_SUSPICIOUS_MOVE = YES;
				CLANG_WARN_UNGUARDED_AVAILABILITY = YES_AGGRESSIVE;
				CLANG_WARN_UNREACHABLE_CODE = YES;
				CLANG_WARN__DUPLICATE_METHOD_MATCH = YES;
				CODE_SIGN_STYLE = Automatic;
				COPY_PHASE_STRIP = NO;
				CURRENT_PROJECT_VERSION = 110;
				DEVELOPMENT_TEAM = 7AMWG3RLHN;
				ENABLE_STRICT_OBJC_MSGSEND = YES;
				ENABLE_TESTABILITY = YES;
				GCC_C_LANGUAGE_STANDARD = gnu11;
				GCC_DYNAMIC_NO_PIC = NO;
				GCC_NO_COMMON_BLOCKS = YES;
				GCC_PREPROCESSOR_DEFINITIONS = (
					"DEBUG=1",
					"$(inherited)",
				);
				GCC_WARN_64_TO_32_BIT_CONVERSION = YES;
				GCC_WARN_ABOUT_RETURN_TYPE = YES_ERROR;
				GCC_WARN_UNDECLARED_SELECTOR = YES;
				GCC_WARN_UNINITIALIZED_AUTOS = YES_AGGRESSIVE;
				GCC_WARN_UNUSED_FUNCTION = YES;
				GCC_WARN_UNUSED_VARIABLE = YES;
				INFOPLIST_FILE = iOS/Info.plist;
				LD_RUNPATH_SEARCH_PATHS = (
					"$(inherited)",
					"@executable_path/Frameworks",
				);
				MARKETING_VERSION = 110;
				MTL_ENABLE_DEBUG_INFO = INCLUDE_SOURCE;
				MTL_FAST_MATH = YES;
				ONLY_ACTIVE_ARCH = YES;
				PRODUCT_BUNDLE_IDENTIFIER = Moonraker.iOS;
				PRODUCT_MODULE_NAME = "$(PRODUCT_NAME:c99extidentifier)iOS";
				SDKROOT = iphoneos;
				SWIFT_ACTIVE_COMPILATION_CONDITIONS = DEBUG;
				SWIFT_VERSION = 5.0;
			};
			name = Debug;
		};
		DAA7AF6623C5CFAD00B829D7 /* Release */ = {
			isa = XCBuildConfiguration;
			buildSettings = {
				ALWAYS_SEARCH_USER_PATHS = NO;
				ASSETCATALOG_COMPILER_APPICON_NAME = AppIcon;
				CLANG_ANALYZER_NONNULL = YES;
				CLANG_ANALYZER_NUMBER_OBJECT_CONVERSION = YES_AGGRESSIVE;
				CLANG_CXX_LANGUAGE_STANDARD = "gnu++14";
				CLANG_CXX_LIBRARY = "libc++";
				CLANG_ENABLE_OBJC_ARC = YES;
				CLANG_ENABLE_OBJC_WEAK = YES;
				CLANG_WARN_BLOCK_CAPTURE_AUTORELEASING = YES;
				CLANG_WARN_BOOL_CONVERSION = YES;
				CLANG_WARN_COMMA = YES;
				CLANG_WARN_CONSTANT_CONVERSION = YES;
				CLANG_WARN_DEPRECATED_OBJC_IMPLEMENTATIONS = YES;
				CLANG_WARN_DIRECT_OBJC_ISA_USAGE = YES_ERROR;
				CLANG_WARN_DOCUMENTATION_COMMENTS = YES;
				CLANG_WARN_EMPTY_BODY = YES;
				CLANG_WARN_ENUM_CONVERSION = YES;
				CLANG_WARN_INFINITE_RECURSION = YES;
				CLANG_WARN_INT_CONVERSION = YES;
				CLANG_WARN_NON_LITERAL_NULL_CONVERSION = YES;
				CLANG_WARN_OBJC_IMPLICIT_RETAIN_SELF = YES;
				CLANG_WARN_OBJC_LITERAL_CONVERSION = YES;
				CLANG_WARN_OBJC_ROOT_CLASS = YES_ERROR;
				CLANG_WARN_RANGE_LOOP_ANALYSIS = YES;
				CLANG_WARN_STRICT_PROTOTYPES = YES;
				CLANG_WARN_SUSPICIOUS_MOVE = YES;
				CLANG_WARN_UNGUARDED_AVAILABILITY = YES_AGGRESSIVE;
				CLANG_WARN_UNREACHABLE_CODE = YES;
				CLANG_WARN__DUPLICATE_METHOD_MATCH = YES;
				CODE_SIGN_STYLE = Automatic;
				COPY_PHASE_STRIP = NO;
				CURRENT_PROJECT_VERSION = 110;
				DEVELOPMENT_TEAM = 7AMWG3RLHN;
				ENABLE_NS_ASSERTIONS = NO;
				ENABLE_STRICT_OBJC_MSGSEND = YES;
				GCC_C_LANGUAGE_STANDARD = gnu11;
				GCC_NO_COMMON_BLOCKS = YES;
				GCC_WARN_64_TO_32_BIT_CONVERSION = YES;
				GCC_WARN_ABOUT_RETURN_TYPE = YES_ERROR;
				GCC_WARN_UNDECLARED_SELECTOR = YES;
				GCC_WARN_UNINITIALIZED_AUTOS = YES_AGGRESSIVE;
				GCC_WARN_UNUSED_FUNCTION = YES;
				GCC_WARN_UNUSED_VARIABLE = YES;
				INFOPLIST_FILE = iOS/Info.plist;
				LD_RUNPATH_SEARCH_PATHS = (
					"$(inherited)",
					"@executable_path/Frameworks",
				);
				MARKETING_VERSION = 110;
				MTL_ENABLE_DEBUG_INFO = NO;
				MTL_FAST_MATH = YES;
				PRODUCT_BUNDLE_IDENTIFIER = Moonraker.iOS;
				PRODUCT_MODULE_NAME = "$(PRODUCT_NAME:c99extidentifier)iOS";
				SDKROOT = iphoneos;
				SWIFT_VERSION = 5.0;
				VALIDATE_PRODUCT = YES;
			};
			name = Release;
		};
		DAA7AF8423C5D12F00B829D7 /* Debug */ = {
			isa = XCBuildConfiguration;
			buildSettings = {
				ALWAYS_SEARCH_USER_PATHS = NO;
				CLANG_ANALYZER_NONNULL = YES;
				CLANG_ANALYZER_NUMBER_OBJECT_CONVERSION = YES_AGGRESSIVE;
				CLANG_CXX_LANGUAGE_STANDARD = "gnu++14";
				CLANG_CXX_LIBRARY = "libc++";
				CLANG_ENABLE_OBJC_ARC = YES;
				CLANG_ENABLE_OBJC_WEAK = YES;
				CLANG_WARN_BLOCK_CAPTURE_AUTORELEASING = YES;
				CLANG_WARN_BOOL_CONVERSION = YES;
				CLANG_WARN_COMMA = YES;
				CLANG_WARN_CONSTANT_CONVERSION = YES;
				CLANG_WARN_DEPRECATED_OBJC_IMPLEMENTATIONS = YES;
				CLANG_WARN_DIRECT_OBJC_ISA_USAGE = YES_ERROR;
				CLANG_WARN_DOCUMENTATION_COMMENTS = YES;
				CLANG_WARN_EMPTY_BODY = YES;
				CLANG_WARN_ENUM_CONVERSION = YES;
				CLANG_WARN_INFINITE_RECURSION = YES;
				CLANG_WARN_INT_CONVERSION = YES;
				CLANG_WARN_NON_LITERAL_NULL_CONVERSION = YES;
				CLANG_WARN_OBJC_IMPLICIT_RETAIN_SELF = YES;
				CLANG_WARN_OBJC_LITERAL_CONVERSION = YES;
				CLANG_WARN_OBJC_ROOT_CLASS = YES_ERROR;
				CLANG_WARN_RANGE_LOOP_ANALYSIS = YES;
				CLANG_WARN_STRICT_PROTOTYPES = YES;
				CLANG_WARN_SUSPICIOUS_MOVE = YES;
				CLANG_WARN_UNGUARDED_AVAILABILITY = YES_AGGRESSIVE;
				CLANG_WARN_UNREACHABLE_CODE = YES;
				CLANG_WARN__DUPLICATE_METHOD_MATCH = YES;
				CODE_SIGN_STYLE = Automatic;
				COPY_PHASE_STRIP = NO;
				DEVELOPMENT_TEAM = 7AMWG3RLHN;
				ENABLE_STRICT_OBJC_MSGSEND = YES;
				ENABLE_TESTABILITY = YES;
				GCC_C_LANGUAGE_STANDARD = gnu11;
				GCC_DYNAMIC_NO_PIC = NO;
				GCC_NO_COMMON_BLOCKS = YES;
				GCC_PREPROCESSOR_DEFINITIONS = (
					"DEBUG=1",
					"$(inherited)",
				);
				GCC_WARN_64_TO_32_BIT_CONVERSION = YES;
				GCC_WARN_ABOUT_RETURN_TYPE = YES_ERROR;
				GCC_WARN_UNDECLARED_SELECTOR = YES;
				GCC_WARN_UNINITIALIZED_AUTOS = YES_AGGRESSIVE;
				GCC_WARN_UNUSED_FUNCTION = YES;
				GCC_WARN_UNUSED_VARIABLE = YES;
				MTL_ENABLE_DEBUG_INFO = INCLUDE_SOURCE;
				MTL_FAST_MATH = YES;
				ONLY_ACTIVE_ARCH = YES;
				OTHER_LDFLAGS = "-ObjC";
				SDKROOT = iphoneos;
				SKIP_INSTALL = YES;
				SWIFT_ACTIVE_COMPILATION_CONDITIONS = DEBUG;
			};
			name = Debug;
		};
		DAA7AF8523C5D12F00B829D7 /* Release */ = {
			isa = XCBuildConfiguration;
			buildSettings = {
				ALWAYS_SEARCH_USER_PATHS = NO;
				CLANG_ANALYZER_NONNULL = YES;
				CLANG_ANALYZER_NUMBER_OBJECT_CONVERSION = YES_AGGRESSIVE;
				CLANG_CXX_LANGUAGE_STANDARD = "gnu++14";
				CLANG_CXX_LIBRARY = "libc++";
				CLANG_ENABLE_OBJC_ARC = YES;
				CLANG_ENABLE_OBJC_WEAK = YES;
				CLANG_WARN_BLOCK_CAPTURE_AUTORELEASING = YES;
				CLANG_WARN_BOOL_CONVERSION = YES;
				CLANG_WARN_COMMA = YES;
				CLANG_WARN_CONSTANT_CONVERSION = YES;
				CLANG_WARN_DEPRECATED_OBJC_IMPLEMENTATIONS = YES;
				CLANG_WARN_DIRECT_OBJC_ISA_USAGE = YES_ERROR;
				CLANG_WARN_DOCUMENTATION_COMMENTS = YES;
				CLANG_WARN_EMPTY_BODY = YES;
				CLANG_WARN_ENUM_CONVERSION = YES;
				CLANG_WARN_INFINITE_RECURSION = YES;
				CLANG_WARN_INT_CONVERSION = YES;
				CLANG_WARN_NON_LITERAL_NULL_CONVERSION = YES;
				CLANG_WARN_OBJC_IMPLICIT_RETAIN_SELF = YES;
				CLANG_WARN_OBJC_LITERAL_CONVERSION = YES;
				CLANG_WARN_OBJC_ROOT_CLASS = YES_ERROR;
				CLANG_WARN_RANGE_LOOP_ANALYSIS = YES;
				CLANG_WARN_STRICT_PROTOTYPES = YES;
				CLANG_WARN_SUSPICIOUS_MOVE = YES;
				CLANG_WARN_UNGUARDED_AVAILABILITY = YES_AGGRESSIVE;
				CLANG_WARN_UNREACHABLE_CODE = YES;
				CLANG_WARN__DUPLICATE_METHOD_MATCH = YES;
				CODE_SIGN_STYLE = Automatic;
				COPY_PHASE_STRIP = NO;
				DEVELOPMENT_TEAM = 7AMWG3RLHN;
				ENABLE_NS_ASSERTIONS = NO;
				ENABLE_STRICT_OBJC_MSGSEND = YES;
				GCC_C_LANGUAGE_STANDARD = gnu11;
				GCC_NO_COMMON_BLOCKS = YES;
				GCC_WARN_64_TO_32_BIT_CONVERSION = YES;
				GCC_WARN_ABOUT_RETURN_TYPE = YES_ERROR;
				GCC_WARN_UNDECLARED_SELECTOR = YES;
				GCC_WARN_UNINITIALIZED_AUTOS = YES_AGGRESSIVE;
				GCC_WARN_UNUSED_FUNCTION = YES;
				GCC_WARN_UNUSED_VARIABLE = YES;
				MTL_ENABLE_DEBUG_INFO = NO;
				MTL_FAST_MATH = YES;
				OTHER_LDFLAGS = "-ObjC";
				SDKROOT = iphoneos;
				SKIP_INSTALL = YES;
				VALIDATE_PRODUCT = YES;
			};
			name = Release;
		};
		DACB8E9723BB766000ADBCB2 /* Debug */ = {
			isa = XCBuildConfiguration;
			buildSettings = {
				CLANG_ENABLE_MODULES = YES;
				DEBUG_INFORMATION_FORMAT = dwarf;
				GCC_OPTIMIZATION_LEVEL = 0;
				IPHONEOS_DEPLOYMENT_TARGET = 13.0;
				MACOSX_DEPLOYMENT_TARGET = 10.15;
				PRODUCT_NAME = Moonraker;
				SWIFT_INSTALL_OBJC_HEADER = NO;
				SWIFT_OPTIMIZATION_LEVEL = "-Onone";
				SWIFT_VERSION = 5.0;
				TARGETED_DEVICE_FAMILY = "1,2";
				WATCHOS_DEPLOYMENT_TARGET = 6.0;
			};
			name = Debug;
		};
		DACB8E9823BB766000ADBCB2 /* Release */ = {
			isa = XCBuildConfiguration;
			buildSettings = {
				CLANG_ENABLE_MODULES = YES;
				DEBUG_INFORMATION_FORMAT = "dwarf-with-dsym";
				GCC_OPTIMIZATION_LEVEL = 3;
				IPHONEOS_DEPLOYMENT_TARGET = 13.0;
				MACOSX_DEPLOYMENT_TARGET = 10.15;
				PRODUCT_NAME = Moonraker;
				SWIFT_COMPILATION_MODE = wholemodule;
				SWIFT_INSTALL_OBJC_HEADER = NO;
				SWIFT_VERSION = 5.0;
				TARGETED_DEVICE_FAMILY = "1,2";
				WATCHOS_DEPLOYMENT_TARGET = 6.0;
			};
			name = Release;
		};
		DACB8EA523BB782000ADBCB2 /* Debug */ = {
			isa = XCBuildConfiguration;
			buildSettings = {
				ALWAYS_SEARCH_USER_PATHS = NO;
				CLANG_ANALYZER_NONNULL = YES;
				CLANG_ANALYZER_NUMBER_OBJECT_CONVERSION = YES_AGGRESSIVE;
				CLANG_CXX_LANGUAGE_STANDARD = "gnu++14";
				CLANG_CXX_LIBRARY = "libc++";
				CLANG_ENABLE_OBJC_ARC = YES;
				CLANG_ENABLE_OBJC_WEAK = YES;
				CLANG_WARN_BLOCK_CAPTURE_AUTORELEASING = YES;
				CLANG_WARN_BOOL_CONVERSION = YES;
				CLANG_WARN_COMMA = YES;
				CLANG_WARN_CONSTANT_CONVERSION = YES;
				CLANG_WARN_DEPRECATED_OBJC_IMPLEMENTATIONS = YES;
				CLANG_WARN_DIRECT_OBJC_ISA_USAGE = YES_ERROR;
				CLANG_WARN_DOCUMENTATION_COMMENTS = YES;
				CLANG_WARN_EMPTY_BODY = YES;
				CLANG_WARN_ENUM_CONVERSION = YES;
				CLANG_WARN_INFINITE_RECURSION = YES;
				CLANG_WARN_INT_CONVERSION = YES;
				CLANG_WARN_NON_LITERAL_NULL_CONVERSION = YES;
				CLANG_WARN_OBJC_IMPLICIT_RETAIN_SELF = YES;
				CLANG_WARN_OBJC_LITERAL_CONVERSION = YES;
				CLANG_WARN_OBJC_ROOT_CLASS = YES_ERROR;
				CLANG_WARN_RANGE_LOOP_ANALYSIS = YES;
				CLANG_WARN_STRICT_PROTOTYPES = YES;
				CLANG_WARN_SUSPICIOUS_MOVE = YES;
				CLANG_WARN_UNGUARDED_AVAILABILITY = YES_AGGRESSIVE;
				CLANG_WARN_UNREACHABLE_CODE = YES;
				CLANG_WARN__DUPLICATE_METHOD_MATCH = YES;
				CODE_SIGN_STYLE = Automatic;
				COPY_PHASE_STRIP = NO;
				DEVELOPMENT_TEAM = 7AMWG3RLHN;
				ENABLE_STRICT_OBJC_MSGSEND = YES;
				ENABLE_TESTABILITY = YES;
				EXECUTABLE_PREFIX = lib;
				GCC_C_LANGUAGE_STANDARD = gnu11;
				GCC_DYNAMIC_NO_PIC = NO;
				GCC_NO_COMMON_BLOCKS = YES;
				GCC_PREPROCESSOR_DEFINITIONS = (
					"DEBUG=1",
					"$(inherited)",
				);
				GCC_WARN_64_TO_32_BIT_CONVERSION = YES;
				GCC_WARN_ABOUT_RETURN_TYPE = YES_ERROR;
				GCC_WARN_UNDECLARED_SELECTOR = YES;
				GCC_WARN_UNINITIALIZED_AUTOS = YES_AGGRESSIVE;
				GCC_WARN_UNUSED_FUNCTION = YES;
				GCC_WARN_UNUSED_VARIABLE = YES;
				MTL_ENABLE_DEBUG_INFO = INCLUDE_SOURCE;
				MTL_FAST_MATH = YES;
				ONLY_ACTIVE_ARCH = YES;
				SDKROOT = macosx;
				SKIP_INSTALL = YES;
			};
			name = Debug;
		};
		DACB8EA623BB782000ADBCB2 /* Release */ = {
			isa = XCBuildConfiguration;
			buildSettings = {
				ALWAYS_SEARCH_USER_PATHS = NO;
				CLANG_ANALYZER_NONNULL = YES;
				CLANG_ANALYZER_NUMBER_OBJECT_CONVERSION = YES_AGGRESSIVE;
				CLANG_CXX_LANGUAGE_STANDARD = "gnu++14";
				CLANG_CXX_LIBRARY = "libc++";
				CLANG_ENABLE_OBJC_ARC = YES;
				CLANG_ENABLE_OBJC_WEAK = YES;
				CLANG_WARN_BLOCK_CAPTURE_AUTORELEASING = YES;
				CLANG_WARN_BOOL_CONVERSION = YES;
				CLANG_WARN_COMMA = YES;
				CLANG_WARN_CONSTANT_CONVERSION = YES;
				CLANG_WARN_DEPRECATED_OBJC_IMPLEMENTATIONS = YES;
				CLANG_WARN_DIRECT_OBJC_ISA_USAGE = YES_ERROR;
				CLANG_WARN_DOCUMENTATION_COMMENTS = YES;
				CLANG_WARN_EMPTY_BODY = YES;
				CLANG_WARN_ENUM_CONVERSION = YES;
				CLANG_WARN_INFINITE_RECURSION = YES;
				CLANG_WARN_INT_CONVERSION = YES;
				CLANG_WARN_NON_LITERAL_NULL_CONVERSION = YES;
				CLANG_WARN_OBJC_IMPLICIT_RETAIN_SELF = YES;
				CLANG_WARN_OBJC_LITERAL_CONVERSION = YES;
				CLANG_WARN_OBJC_ROOT_CLASS = YES_ERROR;
				CLANG_WARN_RANGE_LOOP_ANALYSIS = YES;
				CLANG_WARN_STRICT_PROTOTYPES = YES;
				CLANG_WARN_SUSPICIOUS_MOVE = YES;
				CLANG_WARN_UNGUARDED_AVAILABILITY = YES_AGGRESSIVE;
				CLANG_WARN_UNREACHABLE_CODE = YES;
				CLANG_WARN__DUPLICATE_METHOD_MATCH = YES;
				CODE_SIGN_STYLE = Automatic;
				COPY_PHASE_STRIP = NO;
				DEVELOPMENT_TEAM = 7AMWG3RLHN;
				ENABLE_NS_ASSERTIONS = NO;
				ENABLE_STRICT_OBJC_MSGSEND = YES;
				EXECUTABLE_PREFIX = lib;
				GCC_C_LANGUAGE_STANDARD = gnu11;
				GCC_NO_COMMON_BLOCKS = YES;
				GCC_WARN_64_TO_32_BIT_CONVERSION = YES;
				GCC_WARN_ABOUT_RETURN_TYPE = YES_ERROR;
				GCC_WARN_UNDECLARED_SELECTOR = YES;
				GCC_WARN_UNINITIALIZED_AUTOS = YES_AGGRESSIVE;
				GCC_WARN_UNUSED_FUNCTION = YES;
				GCC_WARN_UNUSED_VARIABLE = YES;
				MTL_ENABLE_DEBUG_INFO = NO;
				MTL_FAST_MATH = YES;
				SDKROOT = macosx;
				SKIP_INSTALL = YES;
			};
			name = Release;
		};
		DACB8EB423BB783D00ADBCB2 /* Debug */ = {
			isa = XCBuildConfiguration;
			buildSettings = {
				ALWAYS_SEARCH_USER_PATHS = NO;
				CLANG_ANALYZER_NONNULL = YES;
				CLANG_ANALYZER_NUMBER_OBJECT_CONVERSION = YES_AGGRESSIVE;
				CLANG_CXX_LANGUAGE_STANDARD = "gnu++14";
				CLANG_CXX_LIBRARY = "libc++";
				CLANG_ENABLE_OBJC_ARC = YES;
				CLANG_ENABLE_OBJC_WEAK = YES;
				CLANG_WARN_BLOCK_CAPTURE_AUTORELEASING = YES;
				CLANG_WARN_BOOL_CONVERSION = YES;
				CLANG_WARN_COMMA = YES;
				CLANG_WARN_CONSTANT_CONVERSION = YES;
				CLANG_WARN_DEPRECATED_OBJC_IMPLEMENTATIONS = YES;
				CLANG_WARN_DIRECT_OBJC_ISA_USAGE = YES_ERROR;
				CLANG_WARN_DOCUMENTATION_COMMENTS = YES;
				CLANG_WARN_EMPTY_BODY = YES;
				CLANG_WARN_ENUM_CONVERSION = YES;
				CLANG_WARN_INFINITE_RECURSION = YES;
				CLANG_WARN_INT_CONVERSION = YES;
				CLANG_WARN_NON_LITERAL_NULL_CONVERSION = YES;
				CLANG_WARN_OBJC_IMPLICIT_RETAIN_SELF = YES;
				CLANG_WARN_OBJC_LITERAL_CONVERSION = YES;
				CLANG_WARN_OBJC_ROOT_CLASS = YES_ERROR;
				CLANG_WARN_RANGE_LOOP_ANALYSIS = YES;
				CLANG_WARN_STRICT_PROTOTYPES = YES;
				CLANG_WARN_SUSPICIOUS_MOVE = YES;
				CLANG_WARN_UNGUARDED_AVAILABILITY = YES_AGGRESSIVE;
				CLANG_WARN_UNREACHABLE_CODE = YES;
				CLANG_WARN__DUPLICATE_METHOD_MATCH = YES;
				CODE_SIGN_STYLE = Automatic;
				COMBINE_HIDPI_IMAGES = YES;
				COPY_PHASE_STRIP = NO;
				DEVELOPMENT_TEAM = 7AMWG3RLHN;
				ENABLE_STRICT_OBJC_MSGSEND = YES;
				ENABLE_TESTABILITY = YES;
				GCC_C_LANGUAGE_STANDARD = gnu11;
				GCC_DYNAMIC_NO_PIC = NO;
				GCC_NO_COMMON_BLOCKS = YES;
				GCC_PREPROCESSOR_DEFINITIONS = (
					"DEBUG=1",
					"$(inherited)",
				);
				GCC_WARN_64_TO_32_BIT_CONVERSION = YES;
				GCC_WARN_ABOUT_RETURN_TYPE = YES_ERROR;
				GCC_WARN_UNDECLARED_SELECTOR = YES;
				GCC_WARN_UNINITIALIZED_AUTOS = YES_AGGRESSIVE;
				GCC_WARN_UNUSED_FUNCTION = YES;
				GCC_WARN_UNUSED_VARIABLE = YES;
				INFOPLIST_FILE = Tests/Info.plist;
				LD_RUNPATH_SEARCH_PATHS = (
					"$(inherited)",
					"@executable_path/../Frameworks",
					"@loader_path/../Frameworks",
				);
				MTL_ENABLE_DEBUG_INFO = INCLUDE_SOURCE;
				MTL_FAST_MATH = YES;
				ONLY_ACTIVE_ARCH = YES;
				PRODUCT_BUNDLE_IDENTIFIER = Moonraker.Tests;
				PRODUCT_NAME = "$(TARGET_NAME)";
				SDKROOT = macosx;
				SWIFT_ACTIVE_COMPILATION_CONDITIONS = DEBUG;
			};
			name = Debug;
		};
		DACB8EB523BB783D00ADBCB2 /* Release */ = {
			isa = XCBuildConfiguration;
			buildSettings = {
				ALWAYS_SEARCH_USER_PATHS = NO;
				CLANG_ANALYZER_NONNULL = YES;
				CLANG_ANALYZER_NUMBER_OBJECT_CONVERSION = YES_AGGRESSIVE;
				CLANG_CXX_LANGUAGE_STANDARD = "gnu++14";
				CLANG_CXX_LIBRARY = "libc++";
				CLANG_ENABLE_OBJC_ARC = YES;
				CLANG_ENABLE_OBJC_WEAK = YES;
				CLANG_WARN_BLOCK_CAPTURE_AUTORELEASING = YES;
				CLANG_WARN_BOOL_CONVERSION = YES;
				CLANG_WARN_COMMA = YES;
				CLANG_WARN_CONSTANT_CONVERSION = YES;
				CLANG_WARN_DEPRECATED_OBJC_IMPLEMENTATIONS = YES;
				CLANG_WARN_DIRECT_OBJC_ISA_USAGE = YES_ERROR;
				CLANG_WARN_DOCUMENTATION_COMMENTS = YES;
				CLANG_WARN_EMPTY_BODY = YES;
				CLANG_WARN_ENUM_CONVERSION = YES;
				CLANG_WARN_INFINITE_RECURSION = YES;
				CLANG_WARN_INT_CONVERSION = YES;
				CLANG_WARN_NON_LITERAL_NULL_CONVERSION = YES;
				CLANG_WARN_OBJC_IMPLICIT_RETAIN_SELF = YES;
				CLANG_WARN_OBJC_LITERAL_CONVERSION = YES;
				CLANG_WARN_OBJC_ROOT_CLASS = YES_ERROR;
				CLANG_WARN_RANGE_LOOP_ANALYSIS = YES;
				CLANG_WARN_STRICT_PROTOTYPES = YES;
				CLANG_WARN_SUSPICIOUS_MOVE = YES;
				CLANG_WARN_UNGUARDED_AVAILABILITY = YES_AGGRESSIVE;
				CLANG_WARN_UNREACHABLE_CODE = YES;
				CLANG_WARN__DUPLICATE_METHOD_MATCH = YES;
				CODE_SIGN_STYLE = Automatic;
				COMBINE_HIDPI_IMAGES = YES;
				COPY_PHASE_STRIP = NO;
				DEVELOPMENT_TEAM = 7AMWG3RLHN;
				ENABLE_NS_ASSERTIONS = NO;
				ENABLE_STRICT_OBJC_MSGSEND = YES;
				GCC_C_LANGUAGE_STANDARD = gnu11;
				GCC_NO_COMMON_BLOCKS = YES;
				GCC_WARN_64_TO_32_BIT_CONVERSION = YES;
				GCC_WARN_ABOUT_RETURN_TYPE = YES_ERROR;
				GCC_WARN_UNDECLARED_SELECTOR = YES;
				GCC_WARN_UNINITIALIZED_AUTOS = YES_AGGRESSIVE;
				GCC_WARN_UNUSED_FUNCTION = YES;
				GCC_WARN_UNUSED_VARIABLE = YES;
				INFOPLIST_FILE = Tests/Info.plist;
				LD_RUNPATH_SEARCH_PATHS = (
					"$(inherited)",
					"@executable_path/../Frameworks",
					"@loader_path/../Frameworks",
				);
				MTL_ENABLE_DEBUG_INFO = NO;
				MTL_FAST_MATH = YES;
				PRODUCT_BUNDLE_IDENTIFIER = Moonraker.Tests;
				PRODUCT_NAME = "$(TARGET_NAME)";
				SDKROOT = macosx;
			};
			name = Release;
		};
		DACB8EC823BB787100ADBCB2 /* Debug */ = {
			isa = XCBuildConfiguration;
			buildSettings = {
				ALWAYS_SEARCH_USER_PATHS = NO;
				ASSETCATALOG_COMPILER_APPICON_NAME = AppIcon;
				CLANG_ANALYZER_NONNULL = YES;
				CLANG_ANALYZER_NUMBER_OBJECT_CONVERSION = YES_AGGRESSIVE;
				CLANG_CXX_LANGUAGE_STANDARD = "gnu++14";
				CLANG_CXX_LIBRARY = "libc++";
				CLANG_ENABLE_OBJC_ARC = YES;
				CLANG_ENABLE_OBJC_WEAK = YES;
				CLANG_WARN_BLOCK_CAPTURE_AUTORELEASING = YES;
				CLANG_WARN_BOOL_CONVERSION = YES;
				CLANG_WARN_COMMA = YES;
				CLANG_WARN_CONSTANT_CONVERSION = YES;
				CLANG_WARN_DEPRECATED_OBJC_IMPLEMENTATIONS = YES;
				CLANG_WARN_DIRECT_OBJC_ISA_USAGE = YES_ERROR;
				CLANG_WARN_DOCUMENTATION_COMMENTS = YES;
				CLANG_WARN_EMPTY_BODY = YES;
				CLANG_WARN_ENUM_CONVERSION = YES;
				CLANG_WARN_INFINITE_RECURSION = YES;
				CLANG_WARN_INT_CONVERSION = YES;
				CLANG_WARN_NON_LITERAL_NULL_CONVERSION = YES;
				CLANG_WARN_OBJC_IMPLICIT_RETAIN_SELF = YES;
				CLANG_WARN_OBJC_LITERAL_CONVERSION = YES;
				CLANG_WARN_OBJC_ROOT_CLASS = YES_ERROR;
				CLANG_WARN_RANGE_LOOP_ANALYSIS = YES;
				CLANG_WARN_STRICT_PROTOTYPES = YES;
				CLANG_WARN_SUSPICIOUS_MOVE = YES;
				CLANG_WARN_UNGUARDED_AVAILABILITY = YES_AGGRESSIVE;
				CLANG_WARN_UNREACHABLE_CODE = YES;
				CLANG_WARN__DUPLICATE_METHOD_MATCH = YES;
				CODE_SIGN_ENTITLEMENTS = Mac/MacApp.entitlements;
				CODE_SIGN_STYLE = Automatic;
				COMBINE_HIDPI_IMAGES = YES;
				COPY_PHASE_STRIP = NO;
				CURRENT_PROJECT_VERSION = 85;
				DEVELOPMENT_TEAM = 7AMWG3RLHN;
				ENABLE_HARDENED_RUNTIME = YES;
				ENABLE_STRICT_OBJC_MSGSEND = YES;
				ENABLE_TESTABILITY = YES;
				GCC_C_LANGUAGE_STANDARD = gnu11;
				GCC_DYNAMIC_NO_PIC = NO;
				GCC_NO_COMMON_BLOCKS = YES;
				GCC_PREPROCESSOR_DEFINITIONS = (
					"DEBUG=1",
					"$(inherited)",
				);
				GCC_WARN_64_TO_32_BIT_CONVERSION = YES;
				GCC_WARN_ABOUT_RETURN_TYPE = YES_ERROR;
				GCC_WARN_UNDECLARED_SELECTOR = YES;
				GCC_WARN_UNINITIALIZED_AUTOS = YES_AGGRESSIVE;
				GCC_WARN_UNUSED_FUNCTION = YES;
				GCC_WARN_UNUSED_VARIABLE = YES;
				INFOPLIST_FILE = Mac/Info.plist;
				LD_RUNPATH_SEARCH_PATHS = (
					"$(inherited)",
					"@executable_path/../Frameworks",
				);
				MARKETING_VERSION = 85;
				MTL_ENABLE_DEBUG_INFO = INCLUDE_SOURCE;
				MTL_FAST_MATH = YES;
				ONLY_ACTIVE_ARCH = YES;
				PRODUCT_BUNDLE_IDENTIFIER = Moonraker.Mac;
				PRODUCT_MODULE_NAME = "$(PRODUCT_NAME:c99extidentifier)Mac";
				SDKROOT = macosx;
				SWIFT_ACTIVE_COMPILATION_CONDITIONS = DEBUG;
			};
			name = Debug;
		};
		DACB8EC923BB787100ADBCB2 /* Release */ = {
			isa = XCBuildConfiguration;
			buildSettings = {
				ALWAYS_SEARCH_USER_PATHS = NO;
				ASSETCATALOG_COMPILER_APPICON_NAME = AppIcon;
				CLANG_ANALYZER_NONNULL = YES;
				CLANG_ANALYZER_NUMBER_OBJECT_CONVERSION = YES_AGGRESSIVE;
				CLANG_CXX_LANGUAGE_STANDARD = "gnu++14";
				CLANG_CXX_LIBRARY = "libc++";
				CLANG_ENABLE_OBJC_ARC = YES;
				CLANG_ENABLE_OBJC_WEAK = YES;
				CLANG_WARN_BLOCK_CAPTURE_AUTORELEASING = YES;
				CLANG_WARN_BOOL_CONVERSION = YES;
				CLANG_WARN_COMMA = YES;
				CLANG_WARN_CONSTANT_CONVERSION = YES;
				CLANG_WARN_DEPRECATED_OBJC_IMPLEMENTATIONS = YES;
				CLANG_WARN_DIRECT_OBJC_ISA_USAGE = YES_ERROR;
				CLANG_WARN_DOCUMENTATION_COMMENTS = YES;
				CLANG_WARN_EMPTY_BODY = YES;
				CLANG_WARN_ENUM_CONVERSION = YES;
				CLANG_WARN_INFINITE_RECURSION = YES;
				CLANG_WARN_INT_CONVERSION = YES;
				CLANG_WARN_NON_LITERAL_NULL_CONVERSION = YES;
				CLANG_WARN_OBJC_IMPLICIT_RETAIN_SELF = YES;
				CLANG_WARN_OBJC_LITERAL_CONVERSION = YES;
				CLANG_WARN_OBJC_ROOT_CLASS = YES_ERROR;
				CLANG_WARN_RANGE_LOOP_ANALYSIS = YES;
				CLANG_WARN_STRICT_PROTOTYPES = YES;
				CLANG_WARN_SUSPICIOUS_MOVE = YES;
				CLANG_WARN_UNGUARDED_AVAILABILITY = YES_AGGRESSIVE;
				CLANG_WARN_UNREACHABLE_CODE = YES;
				CLANG_WARN__DUPLICATE_METHOD_MATCH = YES;
				CODE_SIGN_ENTITLEMENTS = Mac/MacApp.entitlements;
				CODE_SIGN_STYLE = Automatic;
				COMBINE_HIDPI_IMAGES = YES;
				COPY_PHASE_STRIP = NO;
				CURRENT_PROJECT_VERSION = 85;
				DEVELOPMENT_TEAM = 7AMWG3RLHN;
				ENABLE_HARDENED_RUNTIME = YES;
				ENABLE_NS_ASSERTIONS = NO;
				ENABLE_STRICT_OBJC_MSGSEND = YES;
				GCC_C_LANGUAGE_STANDARD = gnu11;
				GCC_NO_COMMON_BLOCKS = YES;
				GCC_WARN_64_TO_32_BIT_CONVERSION = YES;
				GCC_WARN_ABOUT_RETURN_TYPE = YES_ERROR;
				GCC_WARN_UNDECLARED_SELECTOR = YES;
				GCC_WARN_UNINITIALIZED_AUTOS = YES_AGGRESSIVE;
				GCC_WARN_UNUSED_FUNCTION = YES;
				GCC_WARN_UNUSED_VARIABLE = YES;
				INFOPLIST_FILE = Mac/Info.plist;
				LD_RUNPATH_SEARCH_PATHS = (
					"$(inherited)",
					"@executable_path/../Frameworks",
				);
				MARKETING_VERSION = 85;
				MTL_ENABLE_DEBUG_INFO = NO;
				MTL_FAST_MATH = YES;
				PRODUCT_BUNDLE_IDENTIFIER = Moonraker.Mac;
				PRODUCT_MODULE_NAME = "$(PRODUCT_NAME:c99extidentifier)Mac";
				SDKROOT = macosx;
			};
			name = Release;
		};
/* End XCBuildConfiguration section */

/* Begin XCConfigurationList section */
		DA432EF523C9DEE5009202D1 /* Build configuration list for PBXNativeTarget "Watch" */ = {
			isa = XCConfigurationList;
			buildConfigurations = (
				DA432EF323C9DEE5009202D1 /* Debug */,
				DA432EF423C9DEE5009202D1 /* Release */,
			);
			defaultConfigurationIsVisible = 0;
			defaultConfigurationName = Release;
		};
		DA432F1D23C9DEF7009202D1 /* Build configuration list for PBXNativeTarget "WatchExtension" */ = {
			isa = XCConfigurationList;
			buildConfigurations = (
				DA432F1E23C9DEF7009202D1 /* Debug */,
				DA432F1F23C9DEF7009202D1 /* Release */,
			);
			defaultConfigurationIsVisible = 0;
			defaultConfigurationName = Release;
		};
		DA432F2123C9DEF7009202D1 /* Build configuration list for PBXNativeTarget "WatchApp" */ = {
			isa = XCConfigurationList;
			buildConfigurations = (
				DA432F2223C9DEF7009202D1 /* Debug */,
				DA432F2323C9DEF7009202D1 /* Release */,
			);
			defaultConfigurationIsVisible = 0;
			defaultConfigurationName = Release;
		};
		DA432F2523C9DEF7009202D1 /* Build configuration list for PBXNativeTarget "WatchWrapper" */ = {
			isa = XCConfigurationList;
			buildConfigurations = (
				DA432F2623C9DEF7009202D1 /* Debug */,
				DA432F2723C9DEF7009202D1 /* Release */,
			);
			defaultConfigurationIsVisible = 0;
			defaultConfigurationName = Release;
		};
		DAA7AF6723C5CFAD00B829D7 /* Build configuration list for PBXNativeTarget "iOSApp" */ = {
			isa = XCConfigurationList;
			buildConfigurations = (
				DAA7AF6523C5CFAD00B829D7 /* Debug */,
				DAA7AF6623C5CFAD00B829D7 /* Release */,
			);
			defaultConfigurationIsVisible = 0;
			defaultConfigurationName = Release;
		};
		DAA7AF8323C5D12F00B829D7 /* Build configuration list for PBXNativeTarget "iOS" */ = {
			isa = XCConfigurationList;
			buildConfigurations = (
				DAA7AF8423C5D12F00B829D7 /* Debug */,
				DAA7AF8523C5D12F00B829D7 /* Release */,
			);
			defaultConfigurationIsVisible = 0;
			defaultConfigurationName = Release;
		};
		DACB8E9623BB766000ADBCB2 /* Build configuration list for PBXProject "Moonraker" */ = {
			isa = XCConfigurationList;
			buildConfigurations = (
				DACB8E9723BB766000ADBCB2 /* Debug */,
				DACB8E9823BB766000ADBCB2 /* Release */,
			);
			defaultConfigurationIsVisible = 0;
			defaultConfigurationName = Release;
		};
		DACB8EA423BB782000ADBCB2 /* Build configuration list for PBXNativeTarget "Mac" */ = {
			isa = XCConfigurationList;
			buildConfigurations = (
				DACB8EA523BB782000ADBCB2 /* Debug */,
				DACB8EA623BB782000ADBCB2 /* Release */,
			);
			defaultConfigurationIsVisible = 0;
			defaultConfigurationName = Release;
		};
		DACB8EB323BB783D00ADBCB2 /* Build configuration list for PBXNativeTarget "Tests" */ = {
			isa = XCConfigurationList;
			buildConfigurations = (
				DACB8EB423BB783D00ADBCB2 /* Debug */,
				DACB8EB523BB783D00ADBCB2 /* Release */,
			);
			defaultConfigurationIsVisible = 0;
			defaultConfigurationName = Release;
		};
		DACB8EC723BB787100ADBCB2 /* Build configuration list for PBXNativeTarget "MacApp" */ = {
			isa = XCConfigurationList;
			buildConfigurations = (
				DACB8EC823BB787100ADBCB2 /* Debug */,
				DACB8EC923BB787100ADBCB2 /* Release */,
			);
			defaultConfigurationIsVisible = 0;
			defaultConfigurationName = Release;
		};
/* End XCConfigurationList section */
	};
	rootObject = DACB8E9323BB766000ADBCB2 /* Project object */;
}
