// !$*UTF8*$!
{
	archiveVersion = 1;
	classes = {
	};
	objectVersion = 50;
	objects = {

/* Begin PBXBuildFile section */
		DA00DE8F23BF687800B04423 /* TestInfo.swift in Sources */ = {isa = PBXBuildFile; fileRef = DA00DE8E23BF687800B04423 /* TestInfo.swift */; };
		DA00DE9123BF698600B04423 /* Info.swift in Sources */ = {isa = PBXBuildFile; fileRef = DA00DE9023BF698600B04423 /* Info.swift */; };
		DA00DE9323BF79D600B04423 /* TestTimes.swift in Sources */ = {isa = PBXBuildFile; fileRef = DA00DE9223BF79D600B04423 /* TestTimes.swift */; };
		DA00DE9523BF7CBE00B04423 /* Times.swift in Sources */ = {isa = PBXBuildFile; fileRef = DA00DE9423BF7CBE00B04423 /* Times.swift */; };
		DA00DE9723BF90F900B04423 /* Stats.swift in Sources */ = {isa = PBXBuildFile; fileRef = DA00DE9623BF90F900B04423 /* Stats.swift */; };
		DA05ACDE23BE1F8D00B888E9 /* TestPosition.swift in Sources */ = {isa = PBXBuildFile; fileRef = DA05ACDD23BE1F8D00B888E9 /* TestPosition.swift */; };
		DA077C2623BDF81100682BFE /* Horizon.swift in Sources */ = {isa = PBXBuildFile; fileRef = DA077C2523BDF81100682BFE /* Horizon.swift */; };
		DA5831A223BB8A8C00AD5BBB /* Moon.swift in Sources */ = {isa = PBXBuildFile; fileRef = DA5831A123BB8A8C00AD5BBB /* Moon.swift */; };
		DA86B41B23BDE11700F448B2 /* Assets.xcassets in Resources */ = {isa = PBXBuildFile; fileRef = DA86B41A23BDE11700F448B2 /* Assets.xcassets */; };
		DA86B41E23BDE16400F448B2 /* Color.swift in Sources */ = {isa = PBXBuildFile; fileRef = DA86B41D23BDE16400F448B2 /* Color.swift */; };
		DABA74F823C0F7FC00DCD08C /* Images.xcassets in Resources */ = {isa = PBXBuildFile; fileRef = DABA74F723C0F7FC00DCD08C /* Images.xcassets */; };
		DACAE12523C1F46E00DD97EC /* din1451alt G.ttf in Resources */ = {isa = PBXBuildFile; fileRef = DACAE12323C1F46E00DD97EC /* din1451alt G.ttf */; };
		DACAE12623C1F46E00DD97EC /* din1451alt.ttf in Resources */ = {isa = PBXBuildFile; fileRef = DACAE12423C1F46E00DD97EC /* din1451alt.ttf */; };
		DACB8ED123BB7C2B00ADBCB2 /* Moonraker.swift in Sources */ = {isa = PBXBuildFile; fileRef = DACB8ED023BB7C2B00ADBCB2 /* Moonraker.swift */; };
		DACB8EDD23BB7C4000ADBCB2 /* Window.swift in Sources */ = {isa = PBXBuildFile; fileRef = DACB8ED623BB7C3F00ADBCB2 /* Window.swift */; };
		DACB8EDE23BB7C4000ADBCB2 /* App.swift in Sources */ = {isa = PBXBuildFile; fileRef = DACB8ED723BB7C3F00ADBCB2 /* App.swift */; };
		DACB8EE023BB7C4000ADBCB2 /* Localizable.strings in Resources */ = {isa = PBXBuildFile; fileRef = DACB8EDA23BB7C4000ADBCB2 /* Localizable.strings */; };
		DACB8EE723BB843500ADBCB2 /* libMoonraker.a in Frameworks */ = {isa = PBXBuildFile; fileRef = DACB8EE423BB7DDD00ADBCB2 /* libMoonraker.a */; };
		DACB8EEA23BB843F00ADBCB2 /* libMoonraker.a in Frameworks */ = {isa = PBXBuildFile; fileRef = DACB8EE423BB7DDD00ADBCB2 /* libMoonraker.a */; };
		DAEAD2F223BC8FC10053EBEA /* TestIllumination.swift in Sources */ = {isa = PBXBuildFile; fileRef = DAEAD2F123BC8FC10053EBEA /* TestIllumination.swift */; };
		DAEAD2F423BCAE470053EBEA /* Phase.swift in Sources */ = {isa = PBXBuildFile; fileRef = DAEAD2F323BCAE470053EBEA /* Phase.swift */; };
		DAF2E81D23C09E440029EB87 /* Label.swift in Sources */ = {isa = PBXBuildFile; fileRef = DAF2E81C23C09E440029EB87 /* Label.swift */; };
		DAF2E81F23C0A1200029EB87 /* String.swift in Sources */ = {isa = PBXBuildFile; fileRef = DAF2E81E23C0A1200029EB87 /* String.swift */; };
		DAF2E82123C0A1A80029EB87 /* Font.swift in Sources */ = {isa = PBXBuildFile; fileRef = DAF2E82023C0A1A80029EB87 /* Font.swift */; };
		DAF2E82323C0C4EE0029EB87 /* TestPhases.swift in Sources */ = {isa = PBXBuildFile; fileRef = DAF2E82223C0C4EE0029EB87 /* TestPhases.swift */; };
		DAF2E82523C0E4430029EB87 /* Menu.swift in Sources */ = {isa = PBXBuildFile; fileRef = DAF2E82423C0E4430029EB87 /* Menu.swift */; };
/* End PBXBuildFile section */

/* Begin PBXContainerItemProxy section */
		DACB8EE823BB843500ADBCB2 /* PBXContainerItemProxy */ = {
			isa = PBXContainerItemProxy;
			containerPortal = DACB8E9323BB766000ADBCB2 /* Project object */;
			proxyType = 1;
			remoteGlobalIDString = DACB8E9C23BB782000ADBCB2;
			remoteInfo = Mac;
		};
		DACB8EEB23BB844900ADBCB2 /* PBXContainerItemProxy */ = {
			isa = PBXContainerItemProxy;
			containerPortal = DACB8E9323BB766000ADBCB2 /* Project object */;
			proxyType = 1;
			remoteGlobalIDString = DACB8E9C23BB782000ADBCB2;
			remoteInfo = Mac;
		};
/* End PBXContainerItemProxy section */

/* Begin PBXFileReference section */
		DA00DE8E23BF687800B04423 /* TestInfo.swift */ = {isa = PBXFileReference; lastKnownFileType = sourcecode.swift; path = TestInfo.swift; sourceTree = "<group>"; };
		DA00DE9023BF698600B04423 /* Info.swift */ = {isa = PBXFileReference; lastKnownFileType = sourcecode.swift; path = Info.swift; sourceTree = "<group>"; };
		DA00DE9223BF79D600B04423 /* TestTimes.swift */ = {isa = PBXFileReference; lastKnownFileType = sourcecode.swift; path = TestTimes.swift; sourceTree = "<group>"; };
		DA00DE9423BF7CBE00B04423 /* Times.swift */ = {isa = PBXFileReference; lastKnownFileType = sourcecode.swift; path = Times.swift; sourceTree = "<group>"; };
		DA00DE9623BF90F900B04423 /* Stats.swift */ = {isa = PBXFileReference; lastKnownFileType = sourcecode.swift; path = Stats.swift; sourceTree = "<group>"; };
		DA05ACDD23BE1F8D00B888E9 /* TestPosition.swift */ = {isa = PBXFileReference; lastKnownFileType = sourcecode.swift; path = TestPosition.swift; sourceTree = "<group>"; };
		DA077C2523BDF81100682BFE /* Horizon.swift */ = {isa = PBXFileReference; lastKnownFileType = sourcecode.swift; path = Horizon.swift; sourceTree = "<group>"; };
		DA5831A123BB8A8C00AD5BBB /* Moon.swift */ = {isa = PBXFileReference; lastKnownFileType = sourcecode.swift; path = Moon.swift; sourceTree = "<group>"; };
		DA86B41A23BDE11700F448B2 /* Assets.xcassets */ = {isa = PBXFileReference; lastKnownFileType = folder.assetcatalog; path = Assets.xcassets; sourceTree = "<group>"; };
		DA86B41D23BDE16400F448B2 /* Color.swift */ = {isa = PBXFileReference; lastKnownFileType = sourcecode.swift; path = Color.swift; sourceTree = "<group>"; };
		DABA74F723C0F7FC00DCD08C /* Images.xcassets */ = {isa = PBXFileReference; lastKnownFileType = folder.assetcatalog; path = Images.xcassets; sourceTree = "<group>"; };
		DACAE12323C1F46E00DD97EC /* din1451alt G.ttf */ = {isa = PBXFileReference; lastKnownFileType = file; path = "din1451alt G.ttf"; sourceTree = "<group>"; };
		DACAE12423C1F46E00DD97EC /* din1451alt.ttf */ = {isa = PBXFileReference; lastKnownFileType = file; path = din1451alt.ttf; sourceTree = "<group>"; };
		DACB8ECC23BB7C1600ADBCB2 /* Info.plist */ = {isa = PBXFileReference; fileEncoding = 4; lastKnownFileType = text.plist.xml; path = Info.plist; sourceTree = "<group>"; };
		DACB8ED023BB7C2B00ADBCB2 /* Moonraker.swift */ = {isa = PBXFileReference; fileEncoding = 4; lastKnownFileType = sourcecode.swift; path = Moonraker.swift; sourceTree = "<group>"; };
		DACB8ED223BB7C2B00ADBCB2 /* Tests.xctest */ = {isa = PBXFileReference; explicitFileType = wrapper.cfbundle; includeInIndex = 0; path = Tests.xctest; sourceTree = BUILT_PRODUCTS_DIR; };
		DACB8ED523BB7C3F00ADBCB2 /* MacApp.entitlements */ = {isa = PBXFileReference; fileEncoding = 4; lastKnownFileType = text.plist.entitlements; path = MacApp.entitlements; sourceTree = "<group>"; };
		DACB8ED623BB7C3F00ADBCB2 /* Window.swift */ = {isa = PBXFileReference; fileEncoding = 4; lastKnownFileType = sourcecode.swift; path = Window.swift; sourceTree = "<group>"; };
		DACB8ED723BB7C3F00ADBCB2 /* App.swift */ = {isa = PBXFileReference; fileEncoding = 4; lastKnownFileType = sourcecode.swift; path = App.swift; sourceTree = "<group>"; };
		DACB8ED823BB7C3F00ADBCB2 /* Info.plist */ = {isa = PBXFileReference; fileEncoding = 4; lastKnownFileType = text.plist.xml; path = Info.plist; sourceTree = "<group>"; };
		DACB8EDB23BB7C4000ADBCB2 /* Base */ = {isa = PBXFileReference; lastKnownFileType = text.plist.strings; name = Base; path = Localizable.strings; sourceTree = "<group>"; };
		DACB8EE123BB7C5000ADBCB2 /* LICENSE */ = {isa = PBXFileReference; lastKnownFileType = text; path = LICENSE; sourceTree = "<group>"; };
		DACB8EE223BB7C5000ADBCB2 /* README.md */ = {isa = PBXFileReference; lastKnownFileType = net.daringfireball.markdown; path = README.md; sourceTree = "<group>"; };
		DACB8EE323BB7C5000ADBCB2 /* .gitignore */ = {isa = PBXFileReference; lastKnownFileType = text; path = .gitignore; sourceTree = "<group>"; };
		DACB8EE423BB7DDD00ADBCB2 /* libMoonraker.a */ = {isa = PBXFileReference; explicitFileType = archive.ar; includeInIndex = 0; path = libMoonraker.a; sourceTree = BUILT_PRODUCTS_DIR; };
		DACB8EE523BB7E2D00ADBCB2 /* Moonraker.app */ = {isa = PBXFileReference; explicitFileType = wrapper.application; includeInIndex = 0; path = Moonraker.app; sourceTree = BUILT_PRODUCTS_DIR; };
		DAEAD2F123BC8FC10053EBEA /* TestIllumination.swift */ = {isa = PBXFileReference; lastKnownFileType = sourcecode.swift; path = TestIllumination.swift; sourceTree = "<group>"; };
		DAEAD2F323BCAE470053EBEA /* Phase.swift */ = {isa = PBXFileReference; lastKnownFileType = sourcecode.swift; path = Phase.swift; sourceTree = "<group>"; };
		DAF2E81C23C09E440029EB87 /* Label.swift */ = {isa = PBXFileReference; lastKnownFileType = sourcecode.swift; path = Label.swift; sourceTree = "<group>"; };
		DAF2E81E23C0A1200029EB87 /* String.swift */ = {isa = PBXFileReference; lastKnownFileType = sourcecode.swift; path = String.swift; sourceTree = "<group>"; };
		DAF2E82023C0A1A80029EB87 /* Font.swift */ = {isa = PBXFileReference; lastKnownFileType = sourcecode.swift; path = Font.swift; sourceTree = "<group>"; };
		DAF2E82223C0C4EE0029EB87 /* TestPhases.swift */ = {isa = PBXFileReference; lastKnownFileType = sourcecode.swift; path = TestPhases.swift; sourceTree = "<group>"; };
		DAF2E82423C0E4430029EB87 /* Menu.swift */ = {isa = PBXFileReference; lastKnownFileType = sourcecode.swift; path = Menu.swift; sourceTree = "<group>"; };
/* End PBXFileReference section */

/* Begin PBXFrameworksBuildPhase section */
		DACB8E9B23BB782000ADBCB2 /* Frameworks */ = {
			isa = PBXFrameworksBuildPhase;
			buildActionMask = 2147483647;
			files = (
			);
			runOnlyForDeploymentPostprocessing = 0;
		};
		DACB8EA823BB783D00ADBCB2 /* Frameworks */ = {
			isa = PBXFrameworksBuildPhase;
			buildActionMask = 2147483647;
			files = (
				DACB8EEA23BB843F00ADBCB2 /* libMoonraker.a in Frameworks */,
			);
			runOnlyForDeploymentPostprocessing = 0;
		};
		DACB8EB723BB786E00ADBCB2 /* Frameworks */ = {
			isa = PBXFrameworksBuildPhase;
			buildActionMask = 2147483647;
			files = (
				DACB8EE723BB843500ADBCB2 /* libMoonraker.a in Frameworks */,
			);
			runOnlyForDeploymentPostprocessing = 0;
		};
/* End PBXFrameworksBuildPhase section */

/* Begin PBXGroup section */
		DA86B41C23BDE14E00F448B2 /* Shared */ = {
			isa = PBXGroup;
			children = (
				DA86B41D23BDE16400F448B2 /* Color.swift */,
				DAF2E82023C0A1A80029EB87 /* Font.swift */,
				DAF2E81E23C0A1200029EB87 /* String.swift */,
				DA86B41A23BDE11700F448B2 /* Assets.xcassets */,
			);
			path = Shared;
			sourceTree = "<group>";
		};
		DACAE11A23C1E6BA00DD97EC /* Font */ = {
			isa = PBXGroup;
			children = (
				DACAE12323C1F46E00DD97EC /* din1451alt G.ttf */,
				DACAE12423C1F46E00DD97EC /* din1451alt.ttf */,
			);
			path = Font;
			sourceTree = "<group>";
		};
		DACB8E9223BB766000ADBCB2 = {
			isa = PBXGroup;
			children = (
				DACB8EE323BB7C5000ADBCB2 /* .gitignore */,
				DACB8EE123BB7C5000ADBCB2 /* LICENSE */,
				DACB8EE423BB7DDD00ADBCB2 /* libMoonraker.a */,
				DACB8EE523BB7E2D00ADBCB2 /* Moonraker.app */,
				DACB8EE223BB7C5000ADBCB2 /* README.md */,
				DACB8ED223BB7C2B00ADBCB2 /* Tests.xctest */,
				DACB8ED923BB7C4000ADBCB2 /* Base.lproj */,
				DACAE11A23C1E6BA00DD97EC /* Font */,
				DACB8EE623BB843500ADBCB2 /* Frameworks */,
				DACB8ED423BB7C3F00ADBCB2 /* MacApp */,
				DA86B41C23BDE14E00F448B2 /* Shared */,
				DACB8ECF23BB7C2B00ADBCB2 /* Source */,
				DACB8ECA23BB7C1600ADBCB2 /* Tests */,
			);
			sourceTree = "<group>";
		};
		DACB8ECA23BB7C1600ADBCB2 /* Tests */ = {
			isa = PBXGroup;
			children = (
				DACB8ECC23BB7C1600ADBCB2 /* Info.plist */,
				DAEAD2F123BC8FC10053EBEA /* TestIllumination.swift */,
				DA00DE8E23BF687800B04423 /* TestInfo.swift */,
				DAF2E82223C0C4EE0029EB87 /* TestPhases.swift */,
				DA05ACDD23BE1F8D00B888E9 /* TestPosition.swift */,
				DA00DE9223BF79D600B04423 /* TestTimes.swift */,
			);
			path = Tests;
			sourceTree = "<group>";
		};
		DACB8ECF23BB7C2B00ADBCB2 /* Source */ = {
			isa = PBXGroup;
			children = (
				DA00DE9023BF698600B04423 /* Info.swift */,
				DACB8ED023BB7C2B00ADBCB2 /* Moonraker.swift */,
				DAEAD2F323BCAE470053EBEA /* Phase.swift */,
				DA00DE9423BF7CBE00B04423 /* Times.swift */,
			);
			path = Source;
			sourceTree = "<group>";
		};
		DACB8ED423BB7C3F00ADBCB2 /* MacApp */ = {
			isa = PBXGroup;
			children = (
				DACB8ED523BB7C3F00ADBCB2 /* MacApp.entitlements */,
				DACB8ED823BB7C3F00ADBCB2 /* Info.plist */,
				DACB8ED723BB7C3F00ADBCB2 /* App.swift */,
				DA077C2523BDF81100682BFE /* Horizon.swift */,
				DAF2E81C23C09E440029EB87 /* Label.swift */,
				DAF2E82423C0E4430029EB87 /* Menu.swift */,
				DA5831A123BB8A8C00AD5BBB /* Moon.swift */,
				DA00DE9623BF90F900B04423 /* Stats.swift */,
				DACB8ED623BB7C3F00ADBCB2 /* Window.swift */,
				DABA74F723C0F7FC00DCD08C /* Images.xcassets */,
			);
			path = MacApp;
			sourceTree = "<group>";
		};
		DACB8ED923BB7C4000ADBCB2 /* Base.lproj */ = {
			isa = PBXGroup;
			children = (
				DACB8EDA23BB7C4000ADBCB2 /* Localizable.strings */,
			);
			path = Base.lproj;
			sourceTree = "<group>";
		};
		DACB8EE623BB843500ADBCB2 /* Frameworks */ = {
			isa = PBXGroup;
			children = (
			);
			name = Frameworks;
			sourceTree = "<group>";
		};
/* End PBXGroup section */

/* Begin PBXHeadersBuildPhase section */
		DACB8E9923BB782000ADBCB2 /* Headers */ = {
			isa = PBXHeadersBuildPhase;
			buildActionMask = 2147483647;
			files = (
			);
			runOnlyForDeploymentPostprocessing = 0;
		};
/* End PBXHeadersBuildPhase section */

/* Begin PBXNativeTarget section */
		DACB8E9C23BB782000ADBCB2 /* Mac */ = {
			isa = PBXNativeTarget;
			buildConfigurationList = DACB8EA423BB782000ADBCB2 /* Build configuration list for PBXNativeTarget "Mac" */;
			buildPhases = (
				DACB8E9923BB782000ADBCB2 /* Headers */,
				DACB8E9A23BB782000ADBCB2 /* Sources */,
				DACB8E9B23BB782000ADBCB2 /* Frameworks */,
			);
			buildRules = (
			);
			dependencies = (
			);
			name = Mac;
			productName = Mac;
			productReference = DACB8EE423BB7DDD00ADBCB2 /* libMoonraker.a */;
			productType = "com.apple.product-type.library.static";
		};
		DACB8EAA23BB783D00ADBCB2 /* Tests */ = {
			isa = PBXNativeTarget;
			buildConfigurationList = DACB8EB323BB783D00ADBCB2 /* Build configuration list for PBXNativeTarget "Tests" */;
			buildPhases = (
				DACB8EA723BB783D00ADBCB2 /* Sources */,
				DACB8EA823BB783D00ADBCB2 /* Frameworks */,
				DACB8EA923BB783D00ADBCB2 /* Resources */,
			);
			buildRules = (
			);
			dependencies = (
				DACB8EEC23BB844900ADBCB2 /* PBXTargetDependency */,
			);
			name = Tests;
			productName = Tests;
			productReference = DACB8ED223BB7C2B00ADBCB2 /* Tests.xctest */;
			productType = "com.apple.product-type.bundle.unit-test";
		};
		DACB8EB923BB786E00ADBCB2 /* MacApp */ = {
			isa = PBXNativeTarget;
			buildConfigurationList = DACB8EC723BB787100ADBCB2 /* Build configuration list for PBXNativeTarget "MacApp" */;
			buildPhases = (
				DACB8EB623BB786E00ADBCB2 /* Sources */,
				DACB8EB723BB786E00ADBCB2 /* Frameworks */,
				DACB8EB823BB786E00ADBCB2 /* Resources */,
			);
			buildRules = (
			);
			dependencies = (
				DACB8EE923BB843500ADBCB2 /* PBXTargetDependency */,
			);
			name = MacApp;
			productName = MacApp;
			productReference = DACB8EE523BB7E2D00ADBCB2 /* Moonraker.app */;
			productType = "com.apple.product-type.application";
		};
/* End PBXNativeTarget section */

/* Begin PBXProject section */
		DACB8E9323BB766000ADBCB2 /* Project object */ = {
			isa = PBXProject;
			attributes = {
				LastSwiftUpdateCheck = 1130;
				LastUpgradeCheck = 1130;
				TargetAttributes = {
					DACB8E9C23BB782000ADBCB2 = {
						CreatedOnToolsVersion = 11.3;
					};
					DACB8EAA23BB783D00ADBCB2 = {
						CreatedOnToolsVersion = 11.3;
					};
					DACB8EB923BB786E00ADBCB2 = {
						CreatedOnToolsVersion = 11.3;
					};
				};
			};
			buildConfigurationList = DACB8E9623BB766000ADBCB2 /* Build configuration list for PBXProject "Moonraker" */;
			compatibilityVersion = "Xcode 9.3";
			developmentRegion = en;
			hasScannedForEncodings = 0;
			knownRegions = (
				en,
				Base,
			);
			mainGroup = DACB8E9223BB766000ADBCB2;
			productRefGroup = DACB8E9223BB766000ADBCB2;
			projectDirPath = "";
			projectRoot = "";
			targets = (
				DACB8EAA23BB783D00ADBCB2 /* Tests */,
				DACB8E9C23BB782000ADBCB2 /* Mac */,
				DACB8EB923BB786E00ADBCB2 /* MacApp */,
			);
		};
/* End PBXProject section */

/* Begin PBXResourcesBuildPhase section */
		DACB8EA923BB783D00ADBCB2 /* Resources */ = {
			isa = PBXResourcesBuildPhase;
			buildActionMask = 2147483647;
			files = (
			);
			runOnlyForDeploymentPostprocessing = 0;
		};
		DACB8EB823BB786E00ADBCB2 /* Resources */ = {
			isa = PBXResourcesBuildPhase;
			buildActionMask = 2147483647;
			files = (
				DABA74F823C0F7FC00DCD08C /* Images.xcassets in Resources */,
				DACAE12523C1F46E00DD97EC /* din1451alt G.ttf in Resources */,
				DACAE12623C1F46E00DD97EC /* din1451alt.ttf in Resources */,
				DA86B41B23BDE11700F448B2 /* Assets.xcassets in Resources */,
				DACB8EE023BB7C4000ADBCB2 /* Localizable.strings in Resources */,
			);
			runOnlyForDeploymentPostprocessing = 0;
		};
/* End PBXResourcesBuildPhase section */

/* Begin PBXSourcesBuildPhase section */
		DACB8E9A23BB782000ADBCB2 /* Sources */ = {
			isa = PBXSourcesBuildPhase;
			buildActionMask = 2147483647;
			files = (
				DA00DE9123BF698600B04423 /* Info.swift in Sources */,
				DACB8ED123BB7C2B00ADBCB2 /* Moonraker.swift in Sources */,
				DA00DE9523BF7CBE00B04423 /* Times.swift in Sources */,
				DAEAD2F423BCAE470053EBEA /* Phase.swift in Sources */,
			);
			runOnlyForDeploymentPostprocessing = 0;
		};
		DACB8EA723BB783D00ADBCB2 /* Sources */ = {
			isa = PBXSourcesBuildPhase;
			buildActionMask = 2147483647;
			files = (
				DA00DE9323BF79D600B04423 /* TestTimes.swift in Sources */,
				DA05ACDE23BE1F8D00B888E9 /* TestPosition.swift in Sources */,
				DA00DE8F23BF687800B04423 /* TestInfo.swift in Sources */,
				DAEAD2F223BC8FC10053EBEA /* TestIllumination.swift in Sources */,
				DAF2E82323C0C4EE0029EB87 /* TestPhases.swift in Sources */,
			);
			runOnlyForDeploymentPostprocessing = 0;
		};
		DACB8EB623BB786E00ADBCB2 /* Sources */ = {
			isa = PBXSourcesBuildPhase;
			buildActionMask = 2147483647;
			files = (
				DACB8EDD23BB7C4000ADBCB2 /* Window.swift in Sources */,
				DA00DE9723BF90F900B04423 /* Stats.swift in Sources */,
				DA077C2623BDF81100682BFE /* Horizon.swift in Sources */,
				DA86B41E23BDE16400F448B2 /* Color.swift in Sources */,
				DAF2E82523C0E4430029EB87 /* Menu.swift in Sources */,
				DA5831A223BB8A8C00AD5BBB /* Moon.swift in Sources */,
				DAF2E82123C0A1A80029EB87 /* Font.swift in Sources */,
				DAF2E81D23C09E440029EB87 /* Label.swift in Sources */,
				DAF2E81F23C0A1200029EB87 /* String.swift in Sources */,
				DACB8EDE23BB7C4000ADBCB2 /* App.swift in Sources */,
			);
			runOnlyForDeploymentPostprocessing = 0;
		};
/* End PBXSourcesBuildPhase section */

/* Begin PBXTargetDependency section */
		DACB8EE923BB843500ADBCB2 /* PBXTargetDependency */ = {
			isa = PBXTargetDependency;
			target = DACB8E9C23BB782000ADBCB2 /* Mac */;
			targetProxy = DACB8EE823BB843500ADBCB2 /* PBXContainerItemProxy */;
		};
		DACB8EEC23BB844900ADBCB2 /* PBXTargetDependency */ = {
			isa = PBXTargetDependency;
			target = DACB8E9C23BB782000ADBCB2 /* Mac */;
			targetProxy = DACB8EEB23BB844900ADBCB2 /* PBXContainerItemProxy */;
		};
/* End PBXTargetDependency section */

/* Begin PBXVariantGroup section */
		DACB8EDA23BB7C4000ADBCB2 /* Localizable.strings */ = {
			isa = PBXVariantGroup;
			children = (
				DACB8EDB23BB7C4000ADBCB2 /* Base */,
			);
			name = Localizable.strings;
			sourceTree = "<group>";
		};
/* End PBXVariantGroup section */

/* Begin XCBuildConfiguration section */
		DACB8E9723BB766000ADBCB2 /* Debug */ = {
			isa = XCBuildConfiguration;
			buildSettings = {
				CLANG_ENABLE_MODULES = YES;
				DEBUG_INFORMATION_FORMAT = dwarf;
				GCC_OPTIMIZATION_LEVEL = 0;
				MACOSX_DEPLOYMENT_TARGET = 10.15;
				PRODUCT_NAME = Moonraker;
				SWIFT_INSTALL_OBJC_HEADER = NO;
				SWIFT_OPTIMIZATION_LEVEL = "-Onone";
				SWIFT_VERSION = 5.0;
			};
			name = Debug;
		};
		DACB8E9823BB766000ADBCB2 /* Release */ = {
			isa = XCBuildConfiguration;
			buildSettings = {
				CLANG_ENABLE_MODULES = YES;
				DEBUG_INFORMATION_FORMAT = "dwarf-with-dsym";
				GCC_OPTIMIZATION_LEVEL = 3;
				MACOSX_DEPLOYMENT_TARGET = 10.15;
				PRODUCT_NAME = Moonraker;
				SWIFT_COMPILATION_MODE = wholemodule;
				SWIFT_INSTALL_OBJC_HEADER = NO;
				SWIFT_VERSION = 5.0;
			};
			name = Release;
		};
		DACB8EA523BB782000ADBCB2 /* Debug */ = {
			isa = XCBuildConfiguration;
			buildSettings = {
				ALWAYS_SEARCH_USER_PATHS = NO;
				CLANG_ANALYZER_NONNULL = YES;
				CLANG_ANALYZER_NUMBER_OBJECT_CONVERSION = YES_AGGRESSIVE;
				CLANG_CXX_LANGUAGE_STANDARD = "gnu++14";
				CLANG_CXX_LIBRARY = "libc++";
				CLANG_ENABLE_OBJC_ARC = YES;
				CLANG_ENABLE_OBJC_WEAK = YES;
				CLANG_WARN_BLOCK_CAPTURE_AUTORELEASING = YES;
				CLANG_WARN_BOOL_CONVERSION = YES;
				CLANG_WARN_COMMA = YES;
				CLANG_WARN_CONSTANT_CONVERSION = YES;
				CLANG_WARN_DEPRECATED_OBJC_IMPLEMENTATIONS = YES;
				CLANG_WARN_DIRECT_OBJC_ISA_USAGE = YES_ERROR;
				CLANG_WARN_DOCUMENTATION_COMMENTS = YES;
				CLANG_WARN_EMPTY_BODY = YES;
				CLANG_WARN_ENUM_CONVERSION = YES;
				CLANG_WARN_INFINITE_RECURSION = YES;
				CLANG_WARN_INT_CONVERSION = YES;
				CLANG_WARN_NON_LITERAL_NULL_CONVERSION = YES;
				CLANG_WARN_OBJC_IMPLICIT_RETAIN_SELF = YES;
				CLANG_WARN_OBJC_LITERAL_CONVERSION = YES;
				CLANG_WARN_OBJC_ROOT_CLASS = YES_ERROR;
				CLANG_WARN_RANGE_LOOP_ANALYSIS = YES;
				CLANG_WARN_STRICT_PROTOTYPES = YES;
				CLANG_WARN_SUSPICIOUS_MOVE = YES;
				CLANG_WARN_UNGUARDED_AVAILABILITY = YES_AGGRESSIVE;
				CLANG_WARN_UNREACHABLE_CODE = YES;
				CLANG_WARN__DUPLICATE_METHOD_MATCH = YES;
				CODE_SIGN_STYLE = Automatic;
				COPY_PHASE_STRIP = NO;
				DEVELOPMENT_TEAM = 7AMWG3RLHN;
				ENABLE_STRICT_OBJC_MSGSEND = YES;
				ENABLE_TESTABILITY = YES;
				EXECUTABLE_PREFIX = lib;
				GCC_C_LANGUAGE_STANDARD = gnu11;
				GCC_DYNAMIC_NO_PIC = NO;
				GCC_NO_COMMON_BLOCKS = YES;
				GCC_PREPROCESSOR_DEFINITIONS = (
					"DEBUG=1",
					"$(inherited)",
				);
				GCC_WARN_64_TO_32_BIT_CONVERSION = YES;
				GCC_WARN_ABOUT_RETURN_TYPE = YES_ERROR;
				GCC_WARN_UNDECLARED_SELECTOR = YES;
				GCC_WARN_UNINITIALIZED_AUTOS = YES_AGGRESSIVE;
				GCC_WARN_UNUSED_FUNCTION = YES;
				GCC_WARN_UNUSED_VARIABLE = YES;
				MTL_ENABLE_DEBUG_INFO = INCLUDE_SOURCE;
				MTL_FAST_MATH = YES;
				ONLY_ACTIVE_ARCH = YES;
				SDKROOT = macosx;
				SKIP_INSTALL = YES;
			};
			name = Debug;
		};
		DACB8EA623BB782000ADBCB2 /* Release */ = {
			isa = XCBuildConfiguration;
			buildSettings = {
				ALWAYS_SEARCH_USER_PATHS = NO;
				CLANG_ANALYZER_NONNULL = YES;
				CLANG_ANALYZER_NUMBER_OBJECT_CONVERSION = YES_AGGRESSIVE;
				CLANG_CXX_LANGUAGE_STANDARD = "gnu++14";
				CLANG_CXX_LIBRARY = "libc++";
				CLANG_ENABLE_OBJC_ARC = YES;
				CLANG_ENABLE_OBJC_WEAK = YES;
				CLANG_WARN_BLOCK_CAPTURE_AUTORELEASING = YES;
				CLANG_WARN_BOOL_CONVERSION = YES;
				CLANG_WARN_COMMA = YES;
				CLANG_WARN_CONSTANT_CONVERSION = YES;
				CLANG_WARN_DEPRECATED_OBJC_IMPLEMENTATIONS = YES;
				CLANG_WARN_DIRECT_OBJC_ISA_USAGE = YES_ERROR;
				CLANG_WARN_DOCUMENTATION_COMMENTS = YES;
				CLANG_WARN_EMPTY_BODY = YES;
				CLANG_WARN_ENUM_CONVERSION = YES;
				CLANG_WARN_INFINITE_RECURSION = YES;
				CLANG_WARN_INT_CONVERSION = YES;
				CLANG_WARN_NON_LITERAL_NULL_CONVERSION = YES;
				CLANG_WARN_OBJC_IMPLICIT_RETAIN_SELF = YES;
				CLANG_WARN_OBJC_LITERAL_CONVERSION = YES;
				CLANG_WARN_OBJC_ROOT_CLASS = YES_ERROR;
				CLANG_WARN_RANGE_LOOP_ANALYSIS = YES;
				CLANG_WARN_STRICT_PROTOTYPES = YES;
				CLANG_WARN_SUSPICIOUS_MOVE = YES;
				CLANG_WARN_UNGUARDED_AVAILABILITY = YES_AGGRESSIVE;
				CLANG_WARN_UNREACHABLE_CODE = YES;
				CLANG_WARN__DUPLICATE_METHOD_MATCH = YES;
				CODE_SIGN_STYLE = Automatic;
				COPY_PHASE_STRIP = NO;
				DEVELOPMENT_TEAM = 7AMWG3RLHN;
				ENABLE_NS_ASSERTIONS = NO;
				ENABLE_STRICT_OBJC_MSGSEND = YES;
				EXECUTABLE_PREFIX = lib;
				GCC_C_LANGUAGE_STANDARD = gnu11;
				GCC_NO_COMMON_BLOCKS = YES;
				GCC_WARN_64_TO_32_BIT_CONVERSION = YES;
				GCC_WARN_ABOUT_RETURN_TYPE = YES_ERROR;
				GCC_WARN_UNDECLARED_SELECTOR = YES;
				GCC_WARN_UNINITIALIZED_AUTOS = YES_AGGRESSIVE;
				GCC_WARN_UNUSED_FUNCTION = YES;
				GCC_WARN_UNUSED_VARIABLE = YES;
				MTL_ENABLE_DEBUG_INFO = NO;
				MTL_FAST_MATH = YES;
				SDKROOT = macosx;
				SKIP_INSTALL = YES;
			};
			name = Release;
		};
		DACB8EB423BB783D00ADBCB2 /* Debug */ = {
			isa = XCBuildConfiguration;
			buildSettings = {
				ALWAYS_SEARCH_USER_PATHS = NO;
				CLANG_ANALYZER_NONNULL = YES;
				CLANG_ANALYZER_NUMBER_OBJECT_CONVERSION = YES_AGGRESSIVE;
				CLANG_CXX_LANGUAGE_STANDARD = "gnu++14";
				CLANG_CXX_LIBRARY = "libc++";
				CLANG_ENABLE_OBJC_ARC = YES;
				CLANG_ENABLE_OBJC_WEAK = YES;
				CLANG_WARN_BLOCK_CAPTURE_AUTORELEASING = YES;
				CLANG_WARN_BOOL_CONVERSION = YES;
				CLANG_WARN_COMMA = YES;
				CLANG_WARN_CONSTANT_CONVERSION = YES;
				CLANG_WARN_DEPRECATED_OBJC_IMPLEMENTATIONS = YES;
				CLANG_WARN_DIRECT_OBJC_ISA_USAGE = YES_ERROR;
				CLANG_WARN_DOCUMENTATION_COMMENTS = YES;
				CLANG_WARN_EMPTY_BODY = YES;
				CLANG_WARN_ENUM_CONVERSION = YES;
				CLANG_WARN_INFINITE_RECURSION = YES;
				CLANG_WARN_INT_CONVERSION = YES;
				CLANG_WARN_NON_LITERAL_NULL_CONVERSION = YES;
				CLANG_WARN_OBJC_IMPLICIT_RETAIN_SELF = YES;
				CLANG_WARN_OBJC_LITERAL_CONVERSION = YES;
				CLANG_WARN_OBJC_ROOT_CLASS = YES_ERROR;
				CLANG_WARN_RANGE_LOOP_ANALYSIS = YES;
				CLANG_WARN_STRICT_PROTOTYPES = YES;
				CLANG_WARN_SUSPICIOUS_MOVE = YES;
				CLANG_WARN_UNGUARDED_AVAILABILITY = YES_AGGRESSIVE;
				CLANG_WARN_UNREACHABLE_CODE = YES;
				CLANG_WARN__DUPLICATE_METHOD_MATCH = YES;
				CODE_SIGN_STYLE = Automatic;
				COMBINE_HIDPI_IMAGES = YES;
				COPY_PHASE_STRIP = NO;
				DEVELOPMENT_TEAM = 7AMWG3RLHN;
				ENABLE_STRICT_OBJC_MSGSEND = YES;
				ENABLE_TESTABILITY = YES;
				GCC_C_LANGUAGE_STANDARD = gnu11;
				GCC_DYNAMIC_NO_PIC = NO;
				GCC_NO_COMMON_BLOCKS = YES;
				GCC_PREPROCESSOR_DEFINITIONS = (
					"DEBUG=1",
					"$(inherited)",
				);
				GCC_WARN_64_TO_32_BIT_CONVERSION = YES;
				GCC_WARN_ABOUT_RETURN_TYPE = YES_ERROR;
				GCC_WARN_UNDECLARED_SELECTOR = YES;
				GCC_WARN_UNINITIALIZED_AUTOS = YES_AGGRESSIVE;
				GCC_WARN_UNUSED_FUNCTION = YES;
				GCC_WARN_UNUSED_VARIABLE = YES;
				INFOPLIST_FILE = Tests/Info.plist;
				LD_RUNPATH_SEARCH_PATHS = (
					"$(inherited)",
					"@executable_path/../Frameworks",
					"@loader_path/../Frameworks",
				);
				MTL_ENABLE_DEBUG_INFO = INCLUDE_SOURCE;
				MTL_FAST_MATH = YES;
				ONLY_ACTIVE_ARCH = YES;
				PRODUCT_BUNDLE_IDENTIFIER = Moonraker.Tests;
				PRODUCT_NAME = "$(TARGET_NAME)";
				SDKROOT = macosx;
				SWIFT_ACTIVE_COMPILATION_CONDITIONS = DEBUG;
			};
			name = Debug;
		};
		DACB8EB523BB783D00ADBCB2 /* Release */ = {
			isa = XCBuildConfiguration;
			buildSettings = {
				ALWAYS_SEARCH_USER_PATHS = NO;
				CLANG_ANALYZER_NONNULL = YES;
				CLANG_ANALYZER_NUMBER_OBJECT_CONVERSION = YES_AGGRESSIVE;
				CLANG_CXX_LANGUAGE_STANDARD = "gnu++14";
				CLANG_CXX_LIBRARY = "libc++";
				CLANG_ENABLE_OBJC_ARC = YES;
				CLANG_ENABLE_OBJC_WEAK = YES;
				CLANG_WARN_BLOCK_CAPTURE_AUTORELEASING = YES;
				CLANG_WARN_BOOL_CONVERSION = YES;
				CLANG_WARN_COMMA = YES;
				CLANG_WARN_CONSTANT_CONVERSION = YES;
				CLANG_WARN_DEPRECATED_OBJC_IMPLEMENTATIONS = YES;
				CLANG_WARN_DIRECT_OBJC_ISA_USAGE = YES_ERROR;
				CLANG_WARN_DOCUMENTATION_COMMENTS = YES;
				CLANG_WARN_EMPTY_BODY = YES;
				CLANG_WARN_ENUM_CONVERSION = YES;
				CLANG_WARN_INFINITE_RECURSION = YES;
				CLANG_WARN_INT_CONVERSION = YES;
				CLANG_WARN_NON_LITERAL_NULL_CONVERSION = YES;
				CLANG_WARN_OBJC_IMPLICIT_RETAIN_SELF = YES;
				CLANG_WARN_OBJC_LITERAL_CONVERSION = YES;
				CLANG_WARN_OBJC_ROOT_CLASS = YES_ERROR;
				CLANG_WARN_RANGE_LOOP_ANALYSIS = YES;
				CLANG_WARN_STRICT_PROTOTYPES = YES;
				CLANG_WARN_SUSPICIOUS_MOVE = YES;
				CLANG_WARN_UNGUARDED_AVAILABILITY = YES_AGGRESSIVE;
				CLANG_WARN_UNREACHABLE_CODE = YES;
				CLANG_WARN__DUPLICATE_METHOD_MATCH = YES;
				CODE_SIGN_STYLE = Automatic;
				COMBINE_HIDPI_IMAGES = YES;
				COPY_PHASE_STRIP = NO;
				DEVELOPMENT_TEAM = 7AMWG3RLHN;
				ENABLE_NS_ASSERTIONS = NO;
				ENABLE_STRICT_OBJC_MSGSEND = YES;
				GCC_C_LANGUAGE_STANDARD = gnu11;
				GCC_NO_COMMON_BLOCKS = YES;
				GCC_WARN_64_TO_32_BIT_CONVERSION = YES;
				GCC_WARN_ABOUT_RETURN_TYPE = YES_ERROR;
				GCC_WARN_UNDECLARED_SELECTOR = YES;
				GCC_WARN_UNINITIALIZED_AUTOS = YES_AGGRESSIVE;
				GCC_WARN_UNUSED_FUNCTION = YES;
				GCC_WARN_UNUSED_VARIABLE = YES;
				INFOPLIST_FILE = Tests/Info.plist;
				LD_RUNPATH_SEARCH_PATHS = (
					"$(inherited)",
					"@executable_path/../Frameworks",
					"@loader_path/../Frameworks",
				);
				MTL_ENABLE_DEBUG_INFO = NO;
				MTL_FAST_MATH = YES;
				PRODUCT_BUNDLE_IDENTIFIER = Moonraker.Tests;
				PRODUCT_NAME = "$(TARGET_NAME)";
				SDKROOT = macosx;
			};
			name = Release;
		};
		DACB8EC823BB787100ADBCB2 /* Debug */ = {
			isa = XCBuildConfiguration;
			buildSettings = {
				ALWAYS_SEARCH_USER_PATHS = NO;
				ASSETCATALOG_COMPILER_APPICON_NAME = AppIcon;
				CLANG_ANALYZER_NONNULL = YES;
				CLANG_ANALYZER_NUMBER_OBJECT_CONVERSION = YES_AGGRESSIVE;
				CLANG_CXX_LANGUAGE_STANDARD = "gnu++14";
				CLANG_CXX_LIBRARY = "libc++";
				CLANG_ENABLE_OBJC_ARC = YES;
				CLANG_ENABLE_OBJC_WEAK = YES;
				CLANG_WARN_BLOCK_CAPTURE_AUTORELEASING = YES;
				CLANG_WARN_BOOL_CONVERSION = YES;
				CLANG_WARN_COMMA = YES;
				CLANG_WARN_CONSTANT_CONVERSION = YES;
				CLANG_WARN_DEPRECATED_OBJC_IMPLEMENTATIONS = YES;
				CLANG_WARN_DIRECT_OBJC_ISA_USAGE = YES_ERROR;
				CLANG_WARN_DOCUMENTATION_COMMENTS = YES;
				CLANG_WARN_EMPTY_BODY = YES;
				CLANG_WARN_ENUM_CONVERSION = YES;
				CLANG_WARN_INFINITE_RECURSION = YES;
				CLANG_WARN_INT_CONVERSION = YES;
				CLANG_WARN_NON_LITERAL_NULL_CONVERSION = YES;
				CLANG_WARN_OBJC_IMPLICIT_RETAIN_SELF = YES;
				CLANG_WARN_OBJC_LITERAL_CONVERSION = YES;
				CLANG_WARN_OBJC_ROOT_CLASS = YES_ERROR;
				CLANG_WARN_RANGE_LOOP_ANALYSIS = YES;
				CLANG_WARN_STRICT_PROTOTYPES = YES;
				CLANG_WARN_SUSPICIOUS_MOVE = YES;
				CLANG_WARN_UNGUARDED_AVAILABILITY = YES_AGGRESSIVE;
				CLANG_WARN_UNREACHABLE_CODE = YES;
				CLANG_WARN__DUPLICATE_METHOD_MATCH = YES;
				CODE_SIGN_ENTITLEMENTS = MacApp/MacApp.entitlements;
				CODE_SIGN_STYLE = Automatic;
				COMBINE_HIDPI_IMAGES = YES;
				COPY_PHASE_STRIP = NO;
				CURRENT_PROJECT_VERSION = 47;
				DEVELOPMENT_TEAM = 7AMWG3RLHN;
				ENABLE_HARDENED_RUNTIME = YES;
				ENABLE_STRICT_OBJC_MSGSEND = YES;
				ENABLE_TESTABILITY = YES;
				GCC_C_LANGUAGE_STANDARD = gnu11;
				GCC_DYNAMIC_NO_PIC = NO;
				GCC_NO_COMMON_BLOCKS = YES;
				GCC_PREPROCESSOR_DEFINITIONS = (
					"DEBUG=1",
					"$(inherited)",
				);
				GCC_WARN_64_TO_32_BIT_CONVERSION = YES;
				GCC_WARN_ABOUT_RETURN_TYPE = YES_ERROR;
				GCC_WARN_UNDECLARED_SELECTOR = YES;
				GCC_WARN_UNINITIALIZED_AUTOS = YES_AGGRESSIVE;
				GCC_WARN_UNUSED_FUNCTION = YES;
				GCC_WARN_UNUSED_VARIABLE = YES;
				INFOPLIST_FILE = MacApp/Info.plist;
				LD_RUNPATH_SEARCH_PATHS = (
					"$(inherited)",
					"@executable_path/../Frameworks",
				);
				MARKETING_VERSION = 47;
				MTL_ENABLE_DEBUG_INFO = INCLUDE_SOURCE;
				MTL_FAST_MATH = YES;
				ONLY_ACTIVE_ARCH = YES;
				PRODUCT_BUNDLE_IDENTIFIER = Moonraker.Mac;
				PRODUCT_MODULE_NAME = "$(PRODUCT_NAME:c99extidentifier)Mac";
				SDKROOT = macosx;
				SWIFT_ACTIVE_COMPILATION_CONDITIONS = DEBUG;
			};
			name = Debug;
		};
		DACB8EC923BB787100ADBCB2 /* Release */ = {
			isa = XCBuildConfiguration;
			buildSettings = {
				ALWAYS_SEARCH_USER_PATHS = NO;
				ASSETCATALOG_COMPILER_APPICON_NAME = AppIcon;
				CLANG_ANALYZER_NONNULL = YES;
				CLANG_ANALYZER_NUMBER_OBJECT_CONVERSION = YES_AGGRESSIVE;
				CLANG_CXX_LANGUAGE_STANDARD = "gnu++14";
				CLANG_CXX_LIBRARY = "libc++";
				CLANG_ENABLE_OBJC_ARC = YES;
				CLANG_ENABLE_OBJC_WEAK = YES;
				CLANG_WARN_BLOCK_CAPTURE_AUTORELEASING = YES;
				CLANG_WARN_BOOL_CONVERSION = YES;
				CLANG_WARN_COMMA = YES;
				CLANG_WARN_CONSTANT_CONVERSION = YES;
				CLANG_WARN_DEPRECATED_OBJC_IMPLEMENTATIONS = YES;
				CLANG_WARN_DIRECT_OBJC_ISA_USAGE = YES_ERROR;
				CLANG_WARN_DOCUMENTATION_COMMENTS = YES;
				CLANG_WARN_EMPTY_BODY = YES;
				CLANG_WARN_ENUM_CONVERSION = YES;
				CLANG_WARN_INFINITE_RECURSION = YES;
				CLANG_WARN_INT_CONVERSION = YES;
				CLANG_WARN_NON_LITERAL_NULL_CONVERSION = YES;
				CLANG_WARN_OBJC_IMPLICIT_RETAIN_SELF = YES;
				CLANG_WARN_OBJC_LITERAL_CONVERSION = YES;
				CLANG_WARN_OBJC_ROOT_CLASS = YES_ERROR;
				CLANG_WARN_RANGE_LOOP_ANALYSIS = YES;
				CLANG_WARN_STRICT_PROTOTYPES = YES;
				CLANG_WARN_SUSPICIOUS_MOVE = YES;
				CLANG_WARN_UNGUARDED_AVAILABILITY = YES_AGGRESSIVE;
				CLANG_WARN_UNREACHABLE_CODE = YES;
				CLANG_WARN__DUPLICATE_METHOD_MATCH = YES;
				CODE_SIGN_ENTITLEMENTS = MacApp/MacApp.entitlements;
				CODE_SIGN_STYLE = Automatic;
				COMBINE_HIDPI_IMAGES = YES;
				COPY_PHASE_STRIP = NO;
				CURRENT_PROJECT_VERSION = 47;
				DEVELOPMENT_TEAM = 7AMWG3RLHN;
				ENABLE_HARDENED_RUNTIME = YES;
				ENABLE_NS_ASSERTIONS = NO;
				ENABLE_STRICT_OBJC_MSGSEND = YES;
				GCC_C_LANGUAGE_STANDARD = gnu11;
				GCC_NO_COMMON_BLOCKS = YES;
				GCC_WARN_64_TO_32_BIT_CONVERSION = YES;
				GCC_WARN_ABOUT_RETURN_TYPE = YES_ERROR;
				GCC_WARN_UNDECLARED_SELECTOR = YES;
				GCC_WARN_UNINITIALIZED_AUTOS = YES_AGGRESSIVE;
				GCC_WARN_UNUSED_FUNCTION = YES;
				GCC_WARN_UNUSED_VARIABLE = YES;
				INFOPLIST_FILE = MacApp/Info.plist;
				LD_RUNPATH_SEARCH_PATHS = (
					"$(inherited)",
					"@executable_path/../Frameworks",
				);
				MARKETING_VERSION = 47;
				MTL_ENABLE_DEBUG_INFO = NO;
				MTL_FAST_MATH = YES;
				PRODUCT_BUNDLE_IDENTIFIER = Moonraker.Mac;
				PRODUCT_MODULE_NAME = "$(PRODUCT_NAME:c99extidentifier)Mac";
				SDKROOT = macosx;
			};
			name = Release;
		};
/* End XCBuildConfiguration section */

/* Begin XCConfigurationList section */
		DACB8E9623BB766000ADBCB2 /* Build configuration list for PBXProject "Moonraker" */ = {
			isa = XCConfigurationList;
			buildConfigurations = (
				DACB8E9723BB766000ADBCB2 /* Debug */,
				DACB8E9823BB766000ADBCB2 /* Release */,
			);
			defaultConfigurationIsVisible = 0;
			defaultConfigurationName = Release;
		};
		DACB8EA423BB782000ADBCB2 /* Build configuration list for PBXNativeTarget "Mac" */ = {
			isa = XCConfigurationList;
			buildConfigurations = (
				DACB8EA523BB782000ADBCB2 /* Debug */,
				DACB8EA623BB782000ADBCB2 /* Release */,
			);
			defaultConfigurationIsVisible = 0;
			defaultConfigurationName = Release;
		};
		DACB8EB323BB783D00ADBCB2 /* Build configuration list for PBXNativeTarget "Tests" */ = {
			isa = XCConfigurationList;
			buildConfigurations = (
				DACB8EB423BB783D00ADBCB2 /* Debug */,
				DACB8EB523BB783D00ADBCB2 /* Release */,
			);
			defaultConfigurationIsVisible = 0;
			defaultConfigurationName = Release;
		};
		DACB8EC723BB787100ADBCB2 /* Build configuration list for PBXNativeTarget "MacApp" */ = {
			isa = XCConfigurationList;
			buildConfigurations = (
				DACB8EC823BB787100ADBCB2 /* Debug */,
				DACB8EC923BB787100ADBCB2 /* Release */,
			);
			defaultConfigurationIsVisible = 0;
			defaultConfigurationName = Release;
		};
/* End XCConfigurationList section */
	};
	rootObject = DACB8E9323BB766000ADBCB2 /* Project object */;
}
